<?xml version="1.0" encoding="utf-8"?>
<Project ToolsVersion="4.0" xmlns="http://schemas.microsoft.com/developer/msbuild/2003">
  <ItemGroup>
    <Filter Include="include">
      <UniqueIdentifier>{2b8ae1c4-aca7-4723-ab7f-a5511bffcbd1}</UniqueIdentifier>
    </Filter>
    <Filter Include="src">
      <UniqueIdentifier>{30245bfa-0a22-448d-92dc-874e4a8d694e}</UniqueIdentifier>
    </Filter>
    <Filter Include="config">
      <UniqueIdentifier>{941d793a-d800-493f-9bea-c1d3338b7624}</UniqueIdentifier>
    </Filter>
    <Filter Include="test">
      <UniqueIdentifier>{1e1f599e-832d-429b-86af-55680661f238}</UniqueIdentifier>
    </Filter>
  </ItemGroup>
  <ItemGroup>
    <ClInclude Include="..\..\..\include\core\app.hpp">
      <Filter>include</Filter>
    </ClInclude>
  </ItemGroup>
  <ItemGroup>
    <ClCompile Include="..\..\..\src\core\app.cpp">
      <Filter>src</Filter>
    </ClCompile>
  </ItemGroup>
  <ItemGroup>
    <Xml Include="..\..\..\config\csf_app.xml">
      <Filter>config</Filter>
    </Xml>
    <Xml Include="..\..\..\config\csf_configs.xml">
      <Filter>config</Filter>
    </Xml>
    <Xml Include="..\..\..\config\csf_log.xml">
      <Filter>config</Filter>
    </Xml>
    <Xml Include="..\..\..\config\csf_module.xml">
      <Filter>config</Filter>
    </Xml>
    <Xml Include="..\..\..\config\csf_system.xml">
      <Filter>config</Filter>
    </Xml>
    <Xml Include="..\..\..\config\csf_connect.xml">
      <Filter>config</Filter>
    </Xml>
  </ItemGroup>
</Project>