<?xml version="1.0" encoding="utf-8"?>
<Project ToolsVersion="4.0" xmlns="http://schemas.microsoft.com/developer/msbuild/2003">
  <ItemGroup>
    <Filter Include="include">
      <UniqueIdentifier>{0a7fccc5-6f4a-4e9e-9d7c-9e6c3ce922c7}</UniqueIdentifier>
    </Filter>
    <Filter Include="src">
      <UniqueIdentifier>{9c7a7c1d-46c4-4970-b147-737857a11716}</UniqueIdentifier>
    </Filter>
  </ItemGroup>
  <ItemGroup>
    <ClInclude Include="..\..\..\src\tester\vdu_tester_box.hpp">
      <Filter>include</Filter>
    </ClInclude>
    <ClInclude Include="..\..\..\src\tester\vdu_tester_canvas.hpp">
      <Filter>include</Filter>
    </ClInclude>
    <ClInclude Include="..\..\..\src\tester\vdu_tester_channel.hpp">
      <Filter>include</Filter>
    </ClInclude>
    <ClInclude Include="..\..\..\src\tester\vdu_tester_operator.hpp">
      <Filter>include</Filter>
    </ClInclude>
    <ClInclude Include="..\..\..\src\tester\vdu_tester_operator_manager.hpp">
      <Filter>include</Filter>
    </ClInclude>
    <ClInclude Include="..\..\..\src\tester\vdu_tester_include.hpp">
      <Filter>include</Filter>
    </ClInclude>
  </ItemGroup>
  <ItemGroup>
    <ClCompile Include="..\..\..\src\tester\vdu_tester_box.cpp">
      <Filter>src</Filter>
    </ClCompile>
    <ClCompile Include="..\..\..\src\tester\vdu_tester_canvas.cpp">
      <Filter>src</Filter>
    </ClCompile>
    <ClCompile Include="..\..\..\src\tester\vdu_tester_channel.cpp">
      <Filter>src</Filter>
    </ClCompile>
    <ClCompile Include="..\..\..\src\tester\vdu_tester_operator.cpp">
      <Filter>src</Filter>
    </ClCompile>
    <ClCompile Include="..\..\..\src\tester\vdu_tester_operator_manager.cpp">
      <Filter>src</Filter>
    </ClCompile>
    <ClCompile Include="..\..\..\src\tester\vdu_tester_main.cpp">
      <Filter>src</Filter>
    </ClCompile>
  </ItemGroup>
</Project>