
Microsoft Visual Studio Solution File, Format Version 12.00
# Visual Studio 15
VisualStudioVersion = 15.0.28307.960
MinimumVisualStudioVersion = 10.0.40219.1
Project("{8BC9CEB8-8B4A-11D0-8D11-00A0C91BC942}") = "libcsf", "libcsf\libcsf.vcxproj", "{B9A8D99B-F217-40DB-85D4-1CD432167795}"
EndProject
Project("{8BC9CEB8-8B4A-11D0-8D11-00A0C91BC942}") = "test_libcsf", "test_libcsf\test_libcsf.vcxproj", "{7D4D34F1-2101-425A-AE92-FBB7FD48A726}"
EndProject
Project("{8BC9CEB8-8B4A-11D0-8D11-00A0C91BC942}") = "app", "..\..\example\app\platform\win32\app\app.vcxproj", "{8F981E65-5189-4FE1-B384-1E679131B6D2}"
	ProjectSection(ProjectDependencies) = postProject
		{B9A8D99B-F217-40DB-85D4-1CD432167795} = {B9A8D99B-F217-40DB-85D4-1CD432167795}
	EndProjectSection
EndProject
Project("{2150E333-8FDC-42A3-9474-1A3956D46DE8}") = "modules", "modules", "{C36A81C0-6925-46A2-8C8F-4C5C5C534647}"
EndProject
Project("{2150E333-8FDC-42A3-9474-1A3956D46DE8}") = "connect", "connect", "{946C0427-40C4-40CA-BF03-ED34600857ED}"
EndProject
Project("{2150E333-8FDC-42A3-9474-1A3956D46DE8}") = "csf", "csf", "{BC1AEA83-D2DF-4190-9DBE-6EE2E17CF672}"
EndProject
Project("{2150E333-8FDC-42A3-9474-1A3956D46DE8}") = "database", "database", "{DCA22CD1-B37E-49DA-B08F-6A13A0C5C6DC}"
EndProject
Project("{2150E333-8FDC-42A3-9474-1A3956D46DE8}") = "process", "process", "{C5897E4C-CE9E-4851-9EA2-CA9B13189BA0}"
EndProject
Project("{8BC9CEB8-8B4A-11D0-8D11-00A0C91BC942}") = "csf_connect", "modules\connect\csf_connect\csf_connect.vcxproj", "{F85FADD3-DDD5-49A7-A63D-A8923486D674}"
	ProjectSection(ProjectDependencies) = postProject
		{B9A8D99B-F217-40DB-85D4-1CD432167795} = {B9A8D99B-F217-40DB-85D4-1CD432167795}
	EndProjectSection
EndProject
Project("{2150E333-8FDC-42A3-9474-1A3956D46DE8}") = "test", "test", "{322D1545-562F-4793-8857-46EB3F8B461F}"
EndProject
Project("{2150E333-8FDC-42A3-9474-1A3956D46DE8}") = "css", "css", "{2B7582AF-DFA5-4933-9999-97C641073DD2}"
EndProject
Project("{2150E333-8FDC-42A3-9474-1A3956D46DE8}") = "vdu", "vdu", "{6F2875E5-7E98-4C88-B2DD-AB0C701F2339}"
EndProject
Project("{2150E333-8FDC-42A3-9474-1A3956D46DE8}") = "modules", "modules", "{4A3F250A-B5AB-4E44-B0DD-3C76AD71F55C}"
EndProject
Project("{2150E333-8FDC-42A3-9474-1A3956D46DE8}") = "app", "app", "{BEB8FE79-D233-4789-A384-1E99A2C3B9FD}"
EndProject
Project("{2150E333-8FDC-42A3-9474-1A3956D46DE8}") = "device", "device", "{B1036857-F88C-4783-862E-B5EB6BCB4FBD}"
EndProject
Project("{2150E333-8FDC-42A3-9474-1A3956D46DE8}") = "device_io", "device_io", "{F97E31C4-FF3E-4AFE-9A22-0DFAF3C8EE8F}"
EndProject
Project("{8BC9CEB8-8B4A-11D0-8D11-00A0C91BC942}") = "test_connect_factory_manager", "test\device\test_connect_factory_manager\test_connect_factory_manager.vcxproj", "{B1F0579F-B7A3-4E93-A909-CCD7959ACDD5}"
	ProjectSection(ProjectDependencies) = postProject
		{B9A8D99B-F217-40DB-85D4-1CD432167795} = {B9A8D99B-F217-40DB-85D4-1CD432167795}
	EndProjectSection
EndProject
Project("{2150E333-8FDC-42A3-9474-1A3956D46DE8}") = "csf_ip_connect", "csf_ip_connect", "{899F3976-30CF-4EB1-9E7D-555203784D51}"
EndProject
Project("{2150E333-8FDC-42A3-9474-1A3956D46DE8}") = "vdu", "vdu", "{7A789F54-8217-4DF4-9829-3D0559E5EC81}"
EndProject
Project("{8BC9CEB8-8B4A-11D0-8D11-00A0C91BC942}") = "vdu", "..\..\..\vdu\vdu\platform\win32\vdu\vdu.vcxproj", "{9571AD17-84A6-4F74-AEF7-385F6A530173}"
EndProject
Project("{2150E333-8FDC-42A3-9474-1A3956D46DE8}") = "vdu_demo", "vdu_demo", "{2B5BE925-D771-4118-9D57-0B65F1ACA4F1}"
EndProject
Project("{8BC9CEB8-8B4A-11D0-8D11-00A0C91BC942}") = "vdu_demo", "..\..\..\vdu\vdu_demo\platform\win32\vdu_demo\vdu_demo.vcxproj", "{7A35A98B-E4E5-496D-B9FF-FE801EE37FC7}"
EndProject
Project("{2150E333-8FDC-42A3-9474-1A3956D46DE8}") = "workspace", "workspace", "{CAC98D26-DAAA-46BC-9524-98A389570758}"
	ProjectSection(SolutionItems) = preProject
		..\..\..\CMakeLists.txt = ..\..\..\CMakeLists.txt
	EndProjectSection
EndProject
Project("{8BC9CEB8-8B4A-11D0-8D11-00A0C91BC942}") = "vdu_tester", "..\..\..\vdu\vdu_demo\platform\win32\vdu_tester\vdu_tester.vcxproj", "{9AED3986-0879-47FC-A584-452F91204444}"
EndProject
Project("{2150E333-8FDC-42A3-9474-1A3956D46DE8}") = "common", "common", "{4CC5E776-E188-4469-96E4-E652A16227CC}"
EndProject
Project("{2150E333-8FDC-42A3-9474-1A3956D46DE8}") = "service", "service", "{A332F713-498F-49D9-84F5-08A6CBFB0412}"
EndProject
Project("{2150E333-8FDC-42A3-9474-1A3956D46DE8}") = "app", "app", "{9B79F684-85B5-4445-8826-0680566E297B}"
EndProject
Project("{8BC9CEB8-8B4A-11D0-8D11-00A0C91BC942}") = "libcss", "..\..\..\css\platform\win32\libcss\libcss.vcxproj", "{7AB3CF2A-0A7D-4D18-9FBA-63C47AEC0E59}"
EndProject
Project("{2150E333-8FDC-42A3-9474-1A3956D46DE8}") = "third-party", "third-party", "{1E85A934-0C2B-4355-A844-1479CFF49201}"
EndProject
Project("{8BC9CEB8-8B4A-11D0-8D11-00A0C91BC942}") = "css_server", "..\..\..\css\platform\win32\app\css_server\css_server.vcxproj", "{AD7AC67F-A2EF-46F9-9F6A-10FCA66D4EB9}"
EndProject
Project("{2150E333-8FDC-42A3-9474-1A3956D46DE8}") = "media_server", "media_server", "{2E8B4F07-942B-488F-B943-83D4D17A6433}"
EndProject
Project("{8BC9CEB8-8B4A-11D0-8D11-00A0C91BC942}") = "device_media", "..\..\..\css\platform\win32\modules\service\media_server\device_media\device_media.vcxproj", "{A4936CA1-60CD-40C6-805F-45EB36932A49}"
EndProject
Project("{8BC9CEB8-8B4A-11D0-8D11-00A0C91BC942}") = "test_hi3536_vdu", "..\..\..\vdu\vdu\platform\win32\test\test_hi3536_vdu\test_hi3536_vdu.vcxproj", "{B149F103-ECF8-4265-A6C8-F15D33B1F9B8}"
EndProject
Project("{2150E333-8FDC-42A3-9474-1A3956D46DE8}") = "example", "example", "{7957FDED-9203-4F79-A892-C0A9656B0DC2}"
EndProject
Project("{2150E333-8FDC-42A3-9474-1A3956D46DE8}") = "app", "app", "{80238EF7-EC7D-4500-B647-35D6299E0218}"
EndProject
Project("{2150E333-8FDC-42A3-9474-1A3956D46DE8}") = "device", "device", "{D674B5BF-A95B-489F-94F0-D96FAB4F78AB}"
EndProject
Project("{2150E333-8FDC-42A3-9474-1A3956D46DE8}") = "device_io", "device_io", "{715295DF-1498-496B-B6B5-EA26AE63CF6F}"
EndProject
Project("{8BC9CEB8-8B4A-11D0-8D11-00A0C91BC942}") = "app_demo", "..\..\..\css\platform\win32\example\app\app_demo\app_demo.vcxproj", "{DA783BE6-32A6-4C72-8462-648E30F23FC1}"
EndProject
Project("{8BC9CEB8-8B4A-11D0-8D11-00A0C91BC942}") = "device_demo", "..\..\..\css\platform\win32\example\device\device_demo\device_demo.vcxproj", "{41F3889A-0096-4736-B1C5-162CADA5092A}"
EndProject
Project("{2150E333-8FDC-42A3-9474-1A3956D46DE8}") = "core", "core", "{158E260E-4DF3-4F9D-B3CB-8CBD648CBE6C}"
EndProject
Project("{2150E333-8FDC-42A3-9474-1A3956D46DE8}") = "ec", "ec", "{C25A5B00-875D-4730-8816-CA9BC9DD13CC}"
EndProject
Project("{8BC9CEB8-8B4A-11D0-8D11-00A0C91BC942}") = "ec", "..\..\..\ec\platform\win32\core\ec.vcxproj", "{47C91655-C0EA-44FB-8343-B81929C60042}"
EndProject
Project("{2150E333-8FDC-42A3-9474-1A3956D46DE8}") = "app", "app", "{163EEE9A-BC8B-4F04-A4F4-C6A2DD043D3E}"
EndProject
Project("{2150E333-8FDC-42A3-9474-1A3956D46DE8}") = "device", "device", "{C98AFDFD-361A-4150-A888-AC03478A34EE}"
EndProject
Project("{2150E333-8FDC-42A3-9474-1A3956D46DE8}") = "device_io", "device_io", "{A0A2A4F8-F0A7-4276-B310-25F018EFF21D}"
EndProject
Project("{8BC9CEB8-8B4A-11D0-8D11-00A0C91BC942}") = "ec_app", "..\..\..\ec\platform\win32\app\ec_app\ec_app.vcxproj", "{0BCA139F-8555-4ECD-BE1E-B5250AEB57FA}"
EndProject
Project("{8BC9CEB8-8B4A-11D0-8D11-00A0C91BC942}") = "ec_device", "..\..\..\ec\platform\win32\device\ec_device\ec_device.vcxproj", "{0BDE6F35-605D-46BD-8AA8-20B54EDF89D8}"
EndProject
Project("{8BC9CEB8-8B4A-11D0-8D11-00A0C91BC942}") = "ec_device_io", "..\..\..\ec\platform\win32\device_io\ec_device_io\ec_device_io.vcxproj", "{7D8F6C24-6235-4779-90FD-F71E803EF841}"
EndProject
Project("{8BC9CEB8-8B4A-11D0-8D11-00A0C91BC942}") = "csf_directory_monitor", "modules\process\csf_directory_monitor\csf_directory_monitor.vcxproj", "{D3DF6A2C-9460-4C89-83B0-E175AAAEB0A9}"
EndProject
Project("{8BC9CEB8-8B4A-11D0-8D11-00A0C91BC942}") = "test_logger", "test\app\test_logger\test_logger.vcxproj", "{728F69D7-1EA0-4BED-9AE4-7DF129F54332}"
EndProject
Project("{2150E333-8FDC-42A3-9474-1A3956D46DE8}") = "vm", "vm", "{04C630FB-AE65-406B-A792-AA21D0DABDB3}"
EndProject
Project("{8BC9CEB8-8B4A-11D0-8D11-00A0C91BC942}") = "csf_vm", "modules\vm\csf_vm\csf_vm.vcxproj", "{673187CC-5C60-4017-8A1D-A066C68515D4}"
EndProject
Project("{8BC9CEB8-8B4A-11D0-8D11-00A0C91BC942}") = "test_dir_monitor", "test\app\test_dir_monitor\test_dir_monitor.vcxproj", "{1C73C675-6AFA-4F82-82F7-A900C6DE6768}"
EndProject
Project("{8BC9CEB8-8B4A-11D0-8D11-00A0C91BC942}") = "test_signal", "test\app\test_signal\test_signal.vcxproj", "{711E04CF-B140-4E60-AF09-10851FC79971}"
EndProject
Project("{8BC9CEB8-8B4A-11D0-8D11-00A0C91BC942}") = "test_managed_construction", "test\app\test_managed_construction\test_managed_construction.vcxproj", "{4EFB7FBC-A149-46B8-B331-E816C103512F}"
EndProject
Project("{2150E333-8FDC-42A3-9474-1A3956D46DE8}") = "vm", "vm", "{0DED2A9F-6916-437A-9458-E50F7C8847DE}"
EndProject
Project("{8BC9CEB8-8B4A-11D0-8D11-00A0C91BC942}") = "test_vm", "test\vm\test_vm\test_vm.vcxproj", "{F8113917-139D-4C17-83B7-F4469453DD7F}"
EndProject
Project("{8BC9CEB8-8B4A-11D0-8D11-00A0C91BC942}") = "csf_deamon", "modules\vm\csf_deamon\csf_deamon.vcxproj", "{51D73857-FC68-4F3F-BF08-4676933D45F3}"
EndProject
Global
	GlobalSection(SolutionConfigurationPlatforms) = preSolution
		Debug|ARM = Debug|ARM
		Debug|x64 = Debug|x64
		Debug|x86 = Debug|x86
		Release|ARM = Release|ARM
		Release|x64 = Release|x64
		Release|x86 = Release|x86
	EndGlobalSection
	GlobalSection(ProjectConfigurationPlatforms) = postSolution
		{B9A8D99B-F217-40DB-85D4-1CD432167795}.Debug|ARM.ActiveCfg = Debug|Win32
		{B9A8D99B-F217-40DB-85D4-1CD432167795}.Debug|x64.ActiveCfg = Debug|x64
		{B9A8D99B-F217-40DB-85D4-1CD432167795}.Debug|x64.Build.0 = Debug|x64
		{B9A8D99B-F217-40DB-85D4-1CD432167795}.Debug|x86.ActiveCfg = Debug|Win32
		{B9A8D99B-F217-40DB-85D4-1CD432167795}.Debug|x86.Build.0 = Debug|Win32
		{B9A8D99B-F217-40DB-85D4-1CD432167795}.Release|ARM.ActiveCfg = Release|Win32
		{B9A8D99B-F217-40DB-85D4-1CD432167795}.Release|x64.ActiveCfg = Release|x64
		{B9A8D99B-F217-40DB-85D4-1CD432167795}.Release|x64.Build.0 = Release|x64
		{B9A8D99B-F217-40DB-85D4-1CD432167795}.Release|x86.ActiveCfg = Release|Win32
		{B9A8D99B-F217-40DB-85D4-1CD432167795}.Release|x86.Build.0 = Release|Win32
		{7D4D34F1-2101-425A-AE92-FBB7FD48A726}.Debug|ARM.ActiveCfg = Debug|Win32
		{7D4D34F1-2101-425A-AE92-FBB7FD48A726}.Debug|x64.ActiveCfg = Debug|x64
		{7D4D34F1-2101-425A-AE92-FBB7FD48A726}.Debug|x64.Build.0 = Debug|x64
		{7D4D34F1-2101-425A-AE92-FBB7FD48A726}.Debug|x86.ActiveCfg = Debug|Win32
		{7D4D34F1-2101-425A-AE92-FBB7FD48A726}.Debug|x86.Build.0 = Debug|Win32
		{7D4D34F1-2101-425A-AE92-FBB7FD48A726}.Release|ARM.ActiveCfg = Release|Win32
		{7D4D34F1-2101-425A-AE92-FBB7FD48A726}.Release|x64.ActiveCfg = Release|x64
		{7D4D34F1-2101-425A-AE92-FBB7FD48A726}.Release|x64.Build.0 = Release|x64
		{7D4D34F1-2101-425A-AE92-FBB7FD48A726}.Release|x86.ActiveCfg = Release|Win32
		{7D4D34F1-2101-425A-AE92-FBB7FD48A726}.Release|x86.Build.0 = Release|Win32
		{8F981E65-5189-4FE1-B384-1E679131B6D2}.Debug|ARM.ActiveCfg = Debug|Win32
		{8F981E65-5189-4FE1-B384-1E679131B6D2}.Debug|x64.ActiveCfg = Debug|x64
		{8F981E65-5189-4FE1-B384-1E679131B6D2}.Debug|x64.Build.0 = Debug|x64
		{8F981E65-5189-4FE1-B384-1E679131B6D2}.Debug|x86.ActiveCfg = Debug|Win32
		{8F981E65-5189-4FE1-B384-1E679131B6D2}.Debug|x86.Build.0 = Debug|Win32
		{8F981E65-5189-4FE1-B384-1E679131B6D2}.Release|ARM.ActiveCfg = Release|Win32
		{8F981E65-5189-4FE1-B384-1E679131B6D2}.Release|x64.ActiveCfg = Release|x64
		{8F981E65-5189-4FE1-B384-1E679131B6D2}.Release|x64.Build.0 = Release|x64
		{8F981E65-5189-4FE1-B384-1E679131B6D2}.Release|x86.ActiveCfg = Release|Win32
		{8F981E65-5189-4FE1-B384-1E679131B6D2}.Release|x86.Build.0 = Release|Win32
		{F85FADD3-DDD5-49A7-A63D-A8923486D674}.Debug|ARM.ActiveCfg = Debug|Win32
		{F85FADD3-DDD5-49A7-A63D-A8923486D674}.Debug|x64.ActiveCfg = Debug|x64
		{F85FADD3-DDD5-49A7-A63D-A8923486D674}.Debug|x64.Build.0 = Debug|x64
		{F85FADD3-DDD5-49A7-A63D-A8923486D674}.Debug|x86.ActiveCfg = Debug|Win32
		{F85FADD3-DDD5-49A7-A63D-A8923486D674}.Debug|x86.Build.0 = Debug|Win32
		{F85FADD3-DDD5-49A7-A63D-A8923486D674}.Release|ARM.ActiveCfg = Release|Win32
		{F85FADD3-DDD5-49A7-A63D-A8923486D674}.Release|x64.ActiveCfg = Release|x64
		{F85FADD3-DDD5-49A7-A63D-A8923486D674}.Release|x64.Build.0 = Release|x64
		{F85FADD3-DDD5-49A7-A63D-A8923486D674}.Release|x86.ActiveCfg = Release|Win32
		{F85FADD3-DDD5-49A7-A63D-A8923486D674}.Release|x86.Build.0 = Release|Win32
		{B1F0579F-B7A3-4E93-A909-CCD7959ACDD5}.Debug|ARM.ActiveCfg = Debug|Win32
		{B1F0579F-B7A3-4E93-A909-CCD7959ACDD5}.Debug|x64.ActiveCfg = Debug|x64
		{B1F0579F-B7A3-4E93-A909-CCD7959ACDD5}.Debug|x64.Build.0 = Debug|x64
		{B1F0579F-B7A3-4E93-A909-CCD7959ACDD5}.Debug|x86.ActiveCfg = Debug|Win32
		{B1F0579F-B7A3-4E93-A909-CCD7959ACDD5}.Debug|x86.Build.0 = Debug|Win32
		{B1F0579F-B7A3-4E93-A909-CCD7959ACDD5}.Release|ARM.ActiveCfg = Release|Win32
		{B1F0579F-B7A3-4E93-A909-CCD7959ACDD5}.Release|x64.ActiveCfg = Release|x64
		{B1F0579F-B7A3-4E93-A909-CCD7959ACDD5}.Release|x64.Build.0 = Release|x64
		{B1F0579F-B7A3-4E93-A909-CCD7959ACDD5}.Release|x86.ActiveCfg = Release|Win32
		{B1F0579F-B7A3-4E93-A909-CCD7959ACDD5}.Release|x86.Build.0 = Release|Win32
		{9571AD17-84A6-4F74-AEF7-385F6A530173}.Debug|ARM.ActiveCfg = Debug|Win32
		{9571AD17-84A6-4F74-AEF7-385F6A530173}.Debug|x64.ActiveCfg = Debug|x64
		{9571AD17-84A6-4F74-AEF7-385F6A530173}.Debug|x64.Build.0 = Debug|x64
		{9571AD17-84A6-4F74-AEF7-385F6A530173}.Debug|x86.ActiveCfg = Debug|Win32
		{9571AD17-84A6-4F74-AEF7-385F6A530173}.Debug|x86.Build.0 = Debug|Win32
		{9571AD17-84A6-4F74-AEF7-385F6A530173}.Release|ARM.ActiveCfg = Release|Win32
		{9571AD17-84A6-4F74-AEF7-385F6A530173}.Release|x64.ActiveCfg = Release|x64
		{9571AD17-84A6-4F74-AEF7-385F6A530173}.Release|x64.Build.0 = Release|x64
		{9571AD17-84A6-4F74-AEF7-385F6A530173}.Release|x86.ActiveCfg = Release|Win32
		{9571AD17-84A6-4F74-AEF7-385F6A530173}.Release|x86.Build.0 = Release|Win32
		{7A35A98B-E4E5-496D-B9FF-FE801EE37FC7}.Debug|ARM.ActiveCfg = Debug|Win32
		{7A35A98B-E4E5-496D-B9FF-FE801EE37FC7}.Debug|x64.ActiveCfg = Debug|x64
		{7A35A98B-E4E5-496D-B9FF-FE801EE37FC7}.Debug|x64.Build.0 = Debug|x64
		{7A35A98B-E4E5-496D-B9FF-FE801EE37FC7}.Debug|x86.ActiveCfg = Debug|Win32
		{7A35A98B-E4E5-496D-B9FF-FE801EE37FC7}.Debug|x86.Build.0 = Debug|Win32
		{7A35A98B-E4E5-496D-B9FF-FE801EE37FC7}.Release|ARM.ActiveCfg = Release|Win32
		{7A35A98B-E4E5-496D-B9FF-FE801EE37FC7}.Release|x64.ActiveCfg = Release|x64
		{7A35A98B-E4E5-496D-B9FF-FE801EE37FC7}.Release|x64.Build.0 = Release|x64
		{7A35A98B-E4E5-496D-B9FF-FE801EE37FC7}.Release|x86.ActiveCfg = Release|Win32
		{7A35A98B-E4E5-496D-B9FF-FE801EE37FC7}.Release|x86.Build.0 = Release|Win32
		{9AED3986-0879-47FC-A584-452F91204444}.Debug|ARM.ActiveCfg = Debug|Win32
		{9AED3986-0879-47FC-A584-452F91204444}.Debug|x64.ActiveCfg = Debug|x64
		{9AED3986-0879-47FC-A584-452F91204444}.Debug|x64.Build.0 = Debug|x64
		{9AED3986-0879-47FC-A584-452F91204444}.Debug|x86.ActiveCfg = Debug|Win32
		{9AED3986-0879-47FC-A584-452F91204444}.Debug|x86.Build.0 = Debug|Win32
		{9AED3986-0879-47FC-A584-452F91204444}.Release|ARM.ActiveCfg = Release|Win32
		{9AED3986-0879-47FC-A584-452F91204444}.Release|x64.ActiveCfg = Release|x64
		{9AED3986-0879-47FC-A584-452F91204444}.Release|x64.Build.0 = Release|x64
		{9AED3986-0879-47FC-A584-452F91204444}.Release|x86.ActiveCfg = Release|Win32
		{9AED3986-0879-47FC-A584-452F91204444}.Release|x86.Build.0 = Release|Win32
		{7AB3CF2A-0A7D-4D18-9FBA-63C47AEC0E59}.Debug|ARM.ActiveCfg = Debug|Win32
		{7AB3CF2A-0A7D-4D18-9FBA-63C47AEC0E59}.Debug|x64.ActiveCfg = Debug|x64
		{7AB3CF2A-0A7D-4D18-9FBA-63C47AEC0E59}.Debug|x64.Build.0 = Debug|x64
		{7AB3CF2A-0A7D-4D18-9FBA-63C47AEC0E59}.Debug|x86.ActiveCfg = Debug|Win32
		{7AB3CF2A-0A7D-4D18-9FBA-63C47AEC0E59}.Debug|x86.Build.0 = Debug|Win32
		{7AB3CF2A-0A7D-4D18-9FBA-63C47AEC0E59}.Release|ARM.ActiveCfg = Release|Win32
		{7AB3CF2A-0A7D-4D18-9FBA-63C47AEC0E59}.Release|x64.ActiveCfg = Release|x64
		{7AB3CF2A-0A7D-4D18-9FBA-63C47AEC0E59}.Release|x64.Build.0 = Release|x64
		{7AB3CF2A-0A7D-4D18-9FBA-63C47AEC0E59}.Release|x86.ActiveCfg = Release|Win32
		{7AB3CF2A-0A7D-4D18-9FBA-63C47AEC0E59}.Release|x86.Build.0 = Release|Win32
		{AD7AC67F-A2EF-46F9-9F6A-10FCA66D4EB9}.Debug|ARM.ActiveCfg = Debug|Win32
		{AD7AC67F-A2EF-46F9-9F6A-10FCA66D4EB9}.Debug|x64.ActiveCfg = Debug|x64
		{AD7AC67F-A2EF-46F9-9F6A-10FCA66D4EB9}.Debug|x64.Build.0 = Debug|x64
		{AD7AC67F-A2EF-46F9-9F6A-10FCA66D4EB9}.Debug|x86.ActiveCfg = Debug|Win32
		{AD7AC67F-A2EF-46F9-9F6A-10FCA66D4EB9}.Debug|x86.Build.0 = Debug|Win32
		{AD7AC67F-A2EF-46F9-9F6A-10FCA66D4EB9}.Release|ARM.ActiveCfg = Release|Win32
		{AD7AC67F-A2EF-46F9-9F6A-10FCA66D4EB9}.Release|x64.ActiveCfg = Release|x64
		{AD7AC67F-A2EF-46F9-9F6A-10FCA66D4EB9}.Release|x64.Build.0 = Release|x64
		{AD7AC67F-A2EF-46F9-9F6A-10FCA66D4EB9}.Release|x86.ActiveCfg = Release|Win32
		{AD7AC67F-A2EF-46F9-9F6A-10FCA66D4EB9}.Release|x86.Build.0 = Release|Win32
		{A4936CA1-60CD-40C6-805F-45EB36932A49}.Debug|ARM.ActiveCfg = Debug|Win32
		{A4936CA1-60CD-40C6-805F-45EB36932A49}.Debug|x64.ActiveCfg = Debug|x64
		{A4936CA1-60CD-40C6-805F-45EB36932A49}.Debug|x64.Build.0 = Debug|x64
		{A4936CA1-60CD-40C6-805F-45EB36932A49}.Debug|x86.ActiveCfg = Debug|Win32
		{A4936CA1-60CD-40C6-805F-45EB36932A49}.Debug|x86.Build.0 = Debug|Win32
		{A4936CA1-60CD-40C6-805F-45EB36932A49}.Release|ARM.ActiveCfg = Release|Win32
		{A4936CA1-60CD-40C6-805F-45EB36932A49}.Release|x64.ActiveCfg = Release|x64
		{A4936CA1-60CD-40C6-805F-45EB36932A49}.Release|x64.Build.0 = Release|x64
		{A4936CA1-60CD-40C6-805F-45EB36932A49}.Release|x86.ActiveCfg = Release|Win32
		{A4936CA1-60CD-40C6-805F-45EB36932A49}.Release|x86.Build.0 = Release|Win32
		{B149F103-ECF8-4265-A6C8-F15D33B1F9B8}.Debug|ARM.ActiveCfg = Debug|Win32
		{B149F103-ECF8-4265-A6C8-F15D33B1F9B8}.Debug|x64.ActiveCfg = Debug|x64
		{B149F103-ECF8-4265-A6C8-F15D33B1F9B8}.Debug|x64.Build.0 = Debug|x64
		{B149F103-ECF8-4265-A6C8-F15D33B1F9B8}.Debug|x86.ActiveCfg = Debug|Win32
		{B149F103-ECF8-4265-A6C8-F15D33B1F9B8}.Debug|x86.Build.0 = Debug|Win32
		{B149F103-ECF8-4265-A6C8-F15D33B1F9B8}.Release|ARM.ActiveCfg = Release|Win32
		{B149F103-ECF8-4265-A6C8-F15D33B1F9B8}.Release|x64.ActiveCfg = Release|x64
		{B149F103-ECF8-4265-A6C8-F15D33B1F9B8}.Release|x64.Build.0 = Release|x64
		{B149F103-ECF8-4265-A6C8-F15D33B1F9B8}.Release|x86.ActiveCfg = Release|Win32
		{B149F103-ECF8-4265-A6C8-F15D33B1F9B8}.Release|x86.Build.0 = Release|Win32
		{DA783BE6-32A6-4C72-8462-648E30F23FC1}.Debug|ARM.ActiveCfg = Debug|Win32
		{DA783BE6-32A6-4C72-8462-648E30F23FC1}.Debug|x64.ActiveCfg = Debug|x64
		{DA783BE6-32A6-4C72-8462-648E30F23FC1}.Debug|x64.Build.0 = Debug|x64
		{DA783BE6-32A6-4C72-8462-648E30F23FC1}.Debug|x86.ActiveCfg = Debug|Win32
		{DA783BE6-32A6-4C72-8462-648E30F23FC1}.Debug|x86.Build.0 = Debug|Win32
		{DA783BE6-32A6-4C72-8462-648E30F23FC1}.Release|ARM.ActiveCfg = Release|Win32
		{DA783BE6-32A6-4C72-8462-648E30F23FC1}.Release|x64.ActiveCfg = Release|x64
		{DA783BE6-32A6-4C72-8462-648E30F23FC1}.Release|x64.Build.0 = Release|x64
		{DA783BE6-32A6-4C72-8462-648E30F23FC1}.Release|x86.ActiveCfg = Release|Win32
		{DA783BE6-32A6-4C72-8462-648E30F23FC1}.Release|x86.Build.0 = Release|Win32
		{41F3889A-0096-4736-B1C5-162CADA5092A}.Debug|ARM.ActiveCfg = Debug|Win32
		{41F3889A-0096-4736-B1C5-162CADA5092A}.Debug|x64.ActiveCfg = Debug|x64
		{41F3889A-0096-4736-B1C5-162CADA5092A}.Debug|x64.Build.0 = Debug|x64
		{41F3889A-0096-4736-B1C5-162CADA5092A}.Debug|x86.ActiveCfg = Debug|Win32
		{41F3889A-0096-4736-B1C5-162CADA5092A}.Debug|x86.Build.0 = Debug|Win32
		{41F3889A-0096-4736-B1C5-162CADA5092A}.Release|ARM.ActiveCfg = Release|Win32
		{41F3889A-0096-4736-B1C5-162CADA5092A}.Release|x64.ActiveCfg = Release|x64
		{41F3889A-0096-4736-B1C5-162CADA5092A}.Release|x64.Build.0 = Release|x64
		{41F3889A-0096-4736-B1C5-162CADA5092A}.Release|x86.ActiveCfg = Release|Win32
		{41F3889A-0096-4736-B1C5-162CADA5092A}.Release|x86.Build.0 = Release|Win32
		{47C91655-C0EA-44FB-8343-B81929C60042}.Debug|ARM.ActiveCfg = Debug|Win32
		{47C91655-C0EA-44FB-8343-B81929C60042}.Debug|x64.ActiveCfg = Debug|x64
		{47C91655-C0EA-44FB-8343-B81929C60042}.Debug|x64.Build.0 = Debug|x64
		{47C91655-C0EA-44FB-8343-B81929C60042}.Debug|x86.ActiveCfg = Debug|Win32
		{47C91655-C0EA-44FB-8343-B81929C60042}.Debug|x86.Build.0 = Debug|Win32
		{47C91655-C0EA-44FB-8343-B81929C60042}.Release|ARM.ActiveCfg = Release|Win32
		{47C91655-C0EA-44FB-8343-B81929C60042}.Release|x64.ActiveCfg = Release|x64
		{47C91655-C0EA-44FB-8343-B81929C60042}.Release|x64.Build.0 = Release|x64
		{47C91655-C0EA-44FB-8343-B81929C60042}.Release|x86.ActiveCfg = Release|Win32
		{47C91655-C0EA-44FB-8343-B81929C60042}.Release|x86.Build.0 = Release|Win32
		{0BCA139F-8555-4ECD-BE1E-B5250AEB57FA}.Debug|ARM.ActiveCfg = Debug|Win32
		{0BCA139F-8555-4ECD-BE1E-B5250AEB57FA}.Debug|x64.ActiveCfg = Debug|x64
		{0BCA139F-8555-4ECD-BE1E-B5250AEB57FA}.Debug|x64.Build.0 = Debug|x64
		{0BCA139F-8555-4ECD-BE1E-B5250AEB57FA}.Debug|x86.ActiveCfg = Debug|Win32
		{0BCA139F-8555-4ECD-BE1E-B5250AEB57FA}.Debug|x86.Build.0 = Debug|Win32
		{0BCA139F-8555-4ECD-BE1E-B5250AEB57FA}.Release|ARM.ActiveCfg = Release|Win32
		{0BCA139F-8555-4ECD-BE1E-B5250AEB57FA}.Release|x64.ActiveCfg = Release|x64
		{0BCA139F-8555-4ECD-BE1E-B5250AEB57FA}.Release|x64.Build.0 = Release|x64
		{0BCA139F-8555-4ECD-BE1E-B5250AEB57FA}.Release|x86.ActiveCfg = Release|Win32
		{0BCA139F-8555-4ECD-BE1E-B5250AEB57FA}.Release|x86.Build.0 = Release|Win32
		{0BDE6F35-605D-46BD-8AA8-20B54EDF89D8}.Debug|ARM.ActiveCfg = Debug|Win32
		{0BDE6F35-605D-46BD-8AA8-20B54EDF89D8}.Debug|x64.ActiveCfg = Debug|x64
		{0BDE6F35-605D-46BD-8AA8-20B54EDF89D8}.Debug|x64.Build.0 = Debug|x64
		{0BDE6F35-605D-46BD-8AA8-20B54EDF89D8}.Debug|x86.ActiveCfg = Debug|Win32
		{0BDE6F35-605D-46BD-8AA8-20B54EDF89D8}.Debug|x86.Build.0 = Debug|Win32
		{0BDE6F35-605D-46BD-8AA8-20B54EDF89D8}.Release|ARM.ActiveCfg = Release|Win32
		{0BDE6F35-605D-46BD-8AA8-20B54EDF89D8}.Release|x64.ActiveCfg = Release|x64
		{0BDE6F35-605D-46BD-8AA8-20B54EDF89D8}.Release|x64.Build.0 = Release|x64
		{0BDE6F35-605D-46BD-8AA8-20B54EDF89D8}.Release|x86.ActiveCfg = Release|Win32
		{0BDE6F35-605D-46BD-8AA8-20B54EDF89D8}.Release|x86.Build.0 = Release|Win32
		{7D8F6C24-6235-4779-90FD-F71E803EF841}.Debug|ARM.ActiveCfg = Debug|Win32
		{7D8F6C24-6235-4779-90FD-F71E803EF841}.Debug|x64.ActiveCfg = Debug|x64
		{7D8F6C24-6235-4779-90FD-F71E803EF841}.Debug|x64.Build.0 = Debug|x64
		{7D8F6C24-6235-4779-90FD-F71E803EF841}.Debug|x86.ActiveCfg = Debug|Win32
		{7D8F6C24-6235-4779-90FD-F71E803EF841}.Debug|x86.Build.0 = Debug|Win32
		{7D8F6C24-6235-4779-90FD-F71E803EF841}.Release|ARM.ActiveCfg = Release|Win32
		{7D8F6C24-6235-4779-90FD-F71E803EF841}.Release|x64.ActiveCfg = Release|x64
		{7D8F6C24-6235-4779-90FD-F71E803EF841}.Release|x64.Build.0 = Release|x64
		{7D8F6C24-6235-4779-90FD-F71E803EF841}.Release|x86.ActiveCfg = Release|Win32
		{7D8F6C24-6235-4779-90FD-F71E803EF841}.Release|x86.Build.0 = Release|Win32
		{D3DF6A2C-9460-4C89-83B0-E175AAAEB0A9}.Debug|ARM.ActiveCfg = Debug|Win32
		{D3DF6A2C-9460-4C89-83B0-E175AAAEB0A9}.Debug|x64.ActiveCfg = Debug|x64
		{D3DF6A2C-9460-4C89-83B0-E175AAAEB0A9}.Debug|x64.Build.0 = Debug|x64
		{D3DF6A2C-9460-4C89-83B0-E175AAAEB0A9}.Debug|x86.ActiveCfg = Debug|Win32
		{D3DF6A2C-9460-4C89-83B0-E175AAAEB0A9}.Debug|x86.Build.0 = Debug|Win32
		{D3DF6A2C-9460-4C89-83B0-E175AAAEB0A9}.Release|ARM.ActiveCfg = Release|Win32
		{D3DF6A2C-9460-4C89-83B0-E175AAAEB0A9}.Release|x64.ActiveCfg = Release|x64
		{D3DF6A2C-9460-4C89-83B0-E175AAAEB0A9}.Release|x64.Build.0 = Release|x64
		{D3DF6A2C-9460-4C89-83B0-E175AAAEB0A9}.Release|x86.ActiveCfg = Release|Win32
		{D3DF6A2C-9460-4C89-83B0-E175AAAEB0A9}.Release|x86.Build.0 = Release|Win32
		{728F69D7-1EA0-4BED-9AE4-7DF129F54332}.Debug|ARM.ActiveCfg = Debug|Win32
		{728F69D7-1EA0-4BED-9AE4-7DF129F54332}.Debug|x64.ActiveCfg = Debug|x64
		{728F69D7-1EA0-4BED-9AE4-7DF129F54332}.Debug|x64.Build.0 = Debug|x64
		{728F69D7-1EA0-4BED-9AE4-7DF129F54332}.Debug|x86.ActiveCfg = Debug|Win32
		{728F69D7-1EA0-4BED-9AE4-7DF129F54332}.Debug|x86.Build.0 = Debug|Win32
		{728F69D7-1EA0-4BED-9AE4-7DF129F54332}.Release|ARM.ActiveCfg = Release|Win32
		{728F69D7-1EA0-4BED-9AE4-7DF129F54332}.Release|x64.ActiveCfg = Release|x64
		{728F69D7-1EA0-4BED-9AE4-7DF129F54332}.Release|x64.Build.0 = Release|x64
		{728F69D7-1EA0-4BED-9AE4-7DF129F54332}.Release|x86.ActiveCfg = Release|Win32
		{728F69D7-1EA0-4BED-9AE4-7DF129F54332}.Release|x86.Build.0 = Release|Win32
		{673187CC-5C60-4017-8A1D-A066C68515D4}.Debug|ARM.ActiveCfg = Debug|Win32
		{673187CC-5C60-4017-8A1D-A066C68515D4}.Debug|x64.ActiveCfg = Debug|x64
		{673187CC-5C60-4017-8A1D-A066C68515D4}.Debug|x64.Build.0 = Debug|x64
		{673187CC-5C60-4017-8A1D-A066C68515D4}.Debug|x86.ActiveCfg = Debug|Win32
		{673187CC-5C60-4017-8A1D-A066C68515D4}.Debug|x86.Build.0 = Debug|Win32
		{673187CC-5C60-4017-8A1D-A066C68515D4}.Release|ARM.ActiveCfg = Release|Win32
		{673187CC-5C60-4017-8A1D-A066C68515D4}.Release|x64.ActiveCfg = Release|x64
		{673187CC-5C60-4017-8A1D-A066C68515D4}.Release|x64.Build.0 = Release|x64
		{673187CC-5C60-4017-8A1D-A066C68515D4}.Release|x86.ActiveCfg = Release|Win32
		{673187CC-5C60-4017-8A1D-A066C68515D4}.Release|x86.Build.0 = Release|Win32
		{1C73C675-6AFA-4F82-82F7-A900C6DE6768}.Debug|ARM.ActiveCfg = Debug|Win32
		{1C73C675-6AFA-4F82-82F7-A900C6DE6768}.Debug|x64.ActiveCfg = Debug|x64
		{1C73C675-6AFA-4F82-82F7-A900C6DE6768}.Debug|x64.Build.0 = Debug|x64
		{1C73C675-6AFA-4F82-82F7-A900C6DE6768}.Debug|x86.ActiveCfg = Debug|Win32
		{1C73C675-6AFA-4F82-82F7-A900C6DE6768}.Debug|x86.Build.0 = Debug|Win32
		{1C73C675-6AFA-4F82-82F7-A900C6DE6768}.Release|ARM.ActiveCfg = Release|Win32
		{1C73C675-6AFA-4F82-82F7-A900C6DE6768}.Release|x64.ActiveCfg = Release|x64
		{1C73C675-6AFA-4F82-82F7-A900C6DE6768}.Release|x64.Build.0 = Release|x64
		{1C73C675-6AFA-4F82-82F7-A900C6DE6768}.Release|x86.ActiveCfg = Release|Win32
		{1C73C675-6AFA-4F82-82F7-A900C6DE6768}.Release|x86.Build.0 = Release|Win32
		{711E04CF-B140-4E60-AF09-10851FC79971}.Debug|ARM.ActiveCfg = Debug|Win32
		{711E04CF-B140-4E60-AF09-10851FC79971}.Debug|x64.ActiveCfg = Debug|x64
		{711E04CF-B140-4E60-AF09-10851FC79971}.Debug|x64.Build.0 = Debug|x64
		{711E04CF-B140-4E60-AF09-10851FC79971}.Debug|x86.ActiveCfg = Debug|Win32
		{711E04CF-B140-4E60-AF09-10851FC79971}.Debug|x86.Build.0 = Debug|Win32
		{711E04CF-B140-4E60-AF09-10851FC79971}.Release|ARM.ActiveCfg = Release|Win32
		{711E04CF-B140-4E60-AF09-10851FC79971}.Release|x64.ActiveCfg = Release|x64
		{711E04CF-B140-4E60-AF09-10851FC79971}.Release|x64.Build.0 = Release|x64
		{711E04CF-B140-4E60-AF09-10851FC79971}.Release|x86.ActiveCfg = Release|Win32
		{711E04CF-B140-4E60-AF09-10851FC79971}.Release|x86.Build.0 = Release|Win32
		{4EFB7FBC-A149-46B8-B331-E816C103512F}.Debug|ARM.ActiveCfg = Debug|Win32
		{4EFB7FBC-A149-46B8-B331-E816C103512F}.Debug|x64.ActiveCfg = Debug|x64
		{4EFB7FBC-A149-46B8-B331-E816C103512F}.Debug|x64.Build.0 = Debug|x64
		{4EFB7FBC-A149-46B8-B331-E816C103512F}.Debug|x86.ActiveCfg = Debug|Win32
		{4EFB7FBC-A149-46B8-B331-E816C103512F}.Debug|x86.Build.0 = Debug|Win32
		{4EFB7FBC-A149-46B8-B331-E816C103512F}.Release|ARM.ActiveCfg = Release|Win32
		{4EFB7FBC-A149-46B8-B331-E816C103512F}.Release|x64.ActiveCfg = Release|x64
		{4EFB7FBC-A149-46B8-B331-E816C103512F}.Release|x64.Build.0 = Release|x64
		{4EFB7FBC-A149-46B8-B331-E816C103512F}.Release|x86.ActiveCfg = Release|Win32
		{4EFB7FBC-A149-46B8-B331-E816C103512F}.Release|x86.Build.0 = Release|Win32
		{F8113917-139D-4C17-83B7-F4469453DD7F}.Debug|ARM.ActiveCfg = Debug|Win32
		{F8113917-139D-4C17-83B7-F4469453DD7F}.Debug|x64.ActiveCfg = Debug|x64
		{F8113917-139D-4C17-83B7-F4469453DD7F}.Debug|x64.Build.0 = Debug|x64
		{F8113917-139D-4C17-83B7-F4469453DD7F}.Debug|x86.ActiveCfg = Debug|Win32
		{F8113917-139D-4C17-83B7-F4469453DD7F}.Debug|x86.Build.0 = Debug|Win32
		{F8113917-139D-4C17-83B7-F4469453DD7F}.Release|ARM.ActiveCfg = Release|Win32
		{F8113917-139D-4C17-83B7-F4469453DD7F}.Release|x64.ActiveCfg = Release|x64
		{F8113917-139D-4C17-83B7-F4469453DD7F}.Release|x64.Build.0 = Release|x64
		{F8113917-139D-4C17-83B7-F4469453DD7F}.Release|x86.ActiveCfg = Release|Win32
		{F8113917-139D-4C17-83B7-F4469453DD7F}.Release|x86.Build.0 = Release|Win32
		{51D73857-FC68-4F3F-BF08-4676933D45F3}.Debug|ARM.ActiveCfg = Debug|Win32
		{51D73857-FC68-4F3F-BF08-4676933D45F3}.Debug|x64.ActiveCfg = Debug|x64
		{51D73857-FC68-4F3F-BF08-4676933D45F3}.Debug|x64.Build.0 = Debug|x64
		{51D73857-FC68-4F3F-BF08-4676933D45F3}.Debug|x86.ActiveCfg = Debug|Win32
		{51D73857-FC68-4F3F-BF08-4676933D45F3}.Debug|x86.Build.0 = Debug|Win32
		{51D73857-FC68-4F3F-BF08-4676933D45F3}.Release|ARM.ActiveCfg = Release|Win32
		{51D73857-FC68-4F3F-BF08-4676933D45F3}.Release|x64.ActiveCfg = Release|x64
		{51D73857-FC68-4F3F-BF08-4676933D45F3}.Release|x64.Build.0 = Release|x64
		{51D73857-FC68-4F3F-BF08-4676933D45F3}.Release|x86.ActiveCfg = Release|Win32
		{51D73857-FC68-4F3F-BF08-4676933D45F3}.Release|x86.Build.0 = Release|Win32
	EndGlobalSection
	GlobalSection(SolutionProperties) = preSolution
		HideSolutionNode = FALSE
	EndGlobalSection
	GlobalSection(NestedProjects) = preSolution
		{B9A8D99B-F217-40DB-85D4-1CD432167795} = {BC1AEA83-D2DF-4190-9DBE-6EE2E17CF672}
		{7D4D34F1-2101-425A-AE92-FBB7FD48A726} = {322D1545-562F-4793-8857-46EB3F8B461F}
		{8F981E65-5189-4FE1-B384-1E679131B6D2} = {BEB8FE79-D233-4789-A384-1E99A2C3B9FD}
		{C36A81C0-6925-46A2-8C8F-4C5C5C534647} = {BC1AEA83-D2DF-4190-9DBE-6EE2E17CF672}
		{946C0427-40C4-40CA-BF03-ED34600857ED} = {C36A81C0-6925-46A2-8C8F-4C5C5C534647}
		{BC1AEA83-D2DF-4190-9DBE-6EE2E17CF672} = {CAC98D26-DAAA-46BC-9524-98A389570758}
		{DCA22CD1-B37E-49DA-B08F-6A13A0C5C6DC} = {C36A81C0-6925-46A2-8C8F-4C5C5C534647}
		{C5897E4C-CE9E-4851-9EA2-CA9B13189BA0} = {C36A81C0-6925-46A2-8C8F-4C5C5C534647}
		{F85FADD3-DDD5-49A7-A63D-A8923486D674} = {899F3976-30CF-4EB1-9E7D-555203784D51}
		{322D1545-562F-4793-8857-46EB3F8B461F} = {BC1AEA83-D2DF-4190-9DBE-6EE2E17CF672}
		{2B7582AF-DFA5-4933-9999-97C641073DD2} = {CAC98D26-DAAA-46BC-9524-98A389570758}
		{6F2875E5-7E98-4C88-B2DD-AB0C701F2339} = {CAC98D26-DAAA-46BC-9524-98A389570758}
		{4A3F250A-B5AB-4E44-B0DD-3C76AD71F55C} = {2B7582AF-DFA5-4933-9999-97C641073DD2}
		{BEB8FE79-D233-4789-A384-1E99A2C3B9FD} = {322D1545-562F-4793-8857-46EB3F8B461F}
		{B1036857-F88C-4783-862E-B5EB6BCB4FBD} = {322D1545-562F-4793-8857-46EB3F8B461F}
		{F97E31C4-FF3E-4AFE-9A22-0DFAF3C8EE8F} = {322D1545-562F-4793-8857-46EB3F8B461F}
		{B1F0579F-B7A3-4E93-A909-CCD7959ACDD5} = {B1036857-F88C-4783-862E-B5EB6BCB4FBD}
		{899F3976-30CF-4EB1-9E7D-555203784D51} = {946C0427-40C4-40CA-BF03-ED34600857ED}
		{7A789F54-8217-4DF4-9829-3D0559E5EC81} = {6F2875E5-7E98-4C88-B2DD-AB0C701F2339}
		{9571AD17-84A6-4F74-AEF7-385F6A530173} = {7A789F54-8217-4DF4-9829-3D0559E5EC81}
		{2B5BE925-D771-4118-9D57-0B65F1ACA4F1} = {6F2875E5-7E98-4C88-B2DD-AB0C701F2339}
		{7A35A98B-E4E5-496D-B9FF-FE801EE37FC7} = {2B5BE925-D771-4118-9D57-0B65F1ACA4F1}
		{9AED3986-0879-47FC-A584-452F91204444} = {2B5BE925-D771-4118-9D57-0B65F1ACA4F1}
		{4CC5E776-E188-4469-96E4-E652A16227CC} = {4A3F250A-B5AB-4E44-B0DD-3C76AD71F55C}
		{A332F713-498F-49D9-84F5-08A6CBFB0412} = {4A3F250A-B5AB-4E44-B0DD-3C76AD71F55C}
		{9B79F684-85B5-4445-8826-0680566E297B} = {2B7582AF-DFA5-4933-9999-97C641073DD2}
		{7AB3CF2A-0A7D-4D18-9FBA-63C47AEC0E59} = {2B7582AF-DFA5-4933-9999-97C641073DD2}
		{1E85A934-0C2B-4355-A844-1479CFF49201} = {2B7582AF-DFA5-4933-9999-97C641073DD2}
		{AD7AC67F-A2EF-46F9-9F6A-10FCA66D4EB9} = {9B79F684-85B5-4445-8826-0680566E297B}
		{2E8B4F07-942B-488F-B943-83D4D17A6433} = {A332F713-498F-49D9-84F5-08A6CBFB0412}
		{A4936CA1-60CD-40C6-805F-45EB36932A49} = {2E8B4F07-942B-488F-B943-83D4D17A6433}
		{B149F103-ECF8-4265-A6C8-F15D33B1F9B8} = {7A789F54-8217-4DF4-9829-3D0559E5EC81}
		{7957FDED-9203-4F79-A892-C0A9656B0DC2} = {2B7582AF-DFA5-4933-9999-97C641073DD2}
		{80238EF7-EC7D-4500-B647-35D6299E0218} = {7957FDED-9203-4F79-A892-C0A9656B0DC2}
		{D674B5BF-A95B-489F-94F0-D96FAB4F78AB} = {7957FDED-9203-4F79-A892-C0A9656B0DC2}
		{715295DF-1498-496B-B6B5-EA26AE63CF6F} = {7957FDED-9203-4F79-A892-C0A9656B0DC2}
		{DA783BE6-32A6-4C72-8462-648E30F23FC1} = {80238EF7-EC7D-4500-B647-35D6299E0218}
		{41F3889A-0096-4736-B1C5-162CADA5092A} = {D674B5BF-A95B-489F-94F0-D96FAB4F78AB}
		{158E260E-4DF3-4F9D-B3CB-8CBD648CBE6C} = {7957FDED-9203-4F79-A892-C0A9656B0DC2}
		{C25A5B00-875D-4730-8816-CA9BC9DD13CC} = {CAC98D26-DAAA-46BC-9524-98A389570758}
		{47C91655-C0EA-44FB-8343-B81929C60042} = {C25A5B00-875D-4730-8816-CA9BC9DD13CC}
		{163EEE9A-BC8B-4F04-A4F4-C6A2DD043D3E} = {C25A5B00-875D-4730-8816-CA9BC9DD13CC}
		{C98AFDFD-361A-4150-A888-AC03478A34EE} = {C25A5B00-875D-4730-8816-CA9BC9DD13CC}
		{A0A2A4F8-F0A7-4276-B310-25F018EFF21D} = {C25A5B00-875D-4730-8816-CA9BC9DD13CC}
		{0BCA139F-8555-4ECD-BE1E-B5250AEB57FA} = {163EEE9A-BC8B-4F04-A4F4-C6A2DD043D3E}
		{0BDE6F35-605D-46BD-8AA8-20B54EDF89D8} = {C98AFDFD-361A-4150-A888-AC03478A34EE}
		{7D8F6C24-6235-4779-90FD-F71E803EF841} = {A0A2A4F8-F0A7-4276-B310-25F018EFF21D}
		{D3DF6A2C-9460-4C89-83B0-E175AAAEB0A9} = {C5897E4C-CE9E-4851-9EA2-CA9B13189BA0}
		{728F69D7-1EA0-4BED-9AE4-7DF129F54332} = {BEB8FE79-D233-4789-A384-1E99A2C3B9FD}
		{04C630FB-AE65-406B-A792-AA21D0DABDB3} = {C36A81C0-6925-46A2-8C8F-4C5C5C534647}
		{673187CC-5C60-4017-8A1D-A066C68515D4} = {04C630FB-AE65-406B-A792-AA21D0DABDB3}
		{1C73C675-6AFA-4F82-82F7-A900C6DE6768} = {BEB8FE79-D233-4789-A384-1E99A2C3B9FD}
		{711E04CF-B140-4E60-AF09-10851FC79971} = {BEB8FE79-D233-4789-A384-1E99A2C3B9FD}
		{4EFB7FBC-A149-46B8-B331-E816C103512F} = {BEB8FE79-D233-4789-A384-1E99A2C3B9FD}
		{0DED2A9F-6916-437A-9458-E50F7C8847DE} = {322D1545-562F-4793-8857-46EB3F8B461F}
		{F8113917-139D-4C17-83B7-F4469453DD7F} = {0DED2A9F-6916-437A-9458-E50F7C8847DE}
		{51D73857-FC68-4F3F-BF08-4676933D45F3} = {04C630FB-AE65-406B-A792-AA21D0DABDB3}
	EndGlobalSection
	GlobalSection(ExtensibilityGlobals) = postSolution
		SolutionGuid = {14FEBE5B-B964-4D4D-B2A0-561D41259F74}
	EndGlobalSection
EndGlobal
