
Microsoft Visual Studio Solution File, Format Version 12.00
# Visual Studio 14
VisualStudioVersion = 14.0.25420.1
MinimumVisualStudioVersion = 10.0.40219.1
Project("{8BC9CEB8-8B4A-11D0-8D11-00A0C91BC942}") = "libcsf", "libcsf\libcsf.vcxproj", "{B9A8D99B-F217-40DB-85D4-1CD432167795}"
EndProject
Project("{8BC9CEB8-8B4A-11D0-8D11-00A0C91BC942}") = "test_libcsf", "test_libcsf\test_libcsf.vcxproj", "{7D4D34F1-2101-425A-AE92-FBB7FD48A726}"
EndProject
Project("{8BC9CEB8-8B4A-11D0-8D11-00A0C91BC942}") = "app", "..\..\example\app\platform\win32\app\app.vcxproj", "{8F981E65-5189-4FE1-B384-1E679131B6D2}"
	ProjectSection(ProjectDependencies) = postProject
		{B9A8D99B-F217-40DB-85D4-1CD432167795} = {B9A8D99B-F217-40DB-85D4-1CD432167795}
		{F85FADD3-DDD5-49A7-A63D-A8923486D674} = {F85FADD3-DDD5-49A7-A63D-A8923486D674}
	EndProjectSection
EndProject
Project("{2150E333-8FDC-42A3-9474-1A3956D46DE8}") = "modules", "modules", "{C36A81C0-6925-46A2-8C8F-4C5C5C534647}"
EndProject
Project("{2150E333-8FDC-42A3-9474-1A3956D46DE8}") = "connect", "connect", "{946C0427-40C4-40CA-BF03-ED34600857ED}"
EndProject
Project("{2150E333-8FDC-42A3-9474-1A3956D46DE8}") = "csf", "csf", "{BC1AEA83-D2DF-4190-9DBE-6EE2E17CF672}"
EndProject
Project("{2150E333-8FDC-42A3-9474-1A3956D46DE8}") = "database", "database", "{DCA22CD1-B37E-49DA-B08F-6A13A0C5C6DC}"
EndProject
Project("{2150E333-8FDC-42A3-9474-1A3956D46DE8}") = "process", "process", "{C5897E4C-CE9E-4851-9EA2-CA9B13189BA0}"
EndProject
Project("{8BC9CEB8-8B4A-11D0-8D11-00A0C91BC942}") = "csf_connect", "modules\connect\csf_connect\csf_connect.vcxproj", "{F85FADD3-DDD5-49A7-A63D-A8923486D674}"
	ProjectSection(ProjectDependencies) = postProject
		{B9A8D99B-F217-40DB-85D4-1CD432167795} = {B9A8D99B-F217-40DB-85D4-1CD432167795}
	EndProjectSection
EndProject
Project("{2150E333-8FDC-42A3-9474-1A3956D46DE8}") = "test", "test", "{322D1545-562F-4793-8857-46EB3F8B461F}"
EndProject
Project("{2150E333-8FDC-42A3-9474-1A3956D46DE8}") = "css", "css", "{2B7582AF-DFA5-4933-9999-97C641073DD2}"
EndProject
Project("{2150E333-8FDC-42A3-9474-1A3956D46DE8}") = "vdu", "vdu", "{6F2875E5-7E98-4C88-B2DD-AB0C701F2339}"
EndProject
Project("{8BC9CEB8-8B4A-11D0-8D11-00A0C91BC942}") = "vdu", "..\..\..\vdu\platform\win32\vdu\vdu.vcxproj", "{32196809-EF0F-419B-865E-385311E90348}"
EndProject
Project("{8BC9CEB8-8B4A-11D0-8D11-00A0C91BC942}") = "test_vdu", "..\..\..\vdu\platform\win32\test_vdu\test_vdu.vcxproj", "{7CA6725B-8428-4A13-967C-F8E409A7F5E3}"
EndProject
Global
	GlobalSection(SolutionConfigurationPlatforms) = preSolution
		Debug|x64 = Debug|x64
		Debug|x86 = Debug|x86
		Release|x64 = Release|x64
		Release|x86 = Release|x86
	EndGlobalSection
	GlobalSection(ProjectConfigurationPlatforms) = postSolution
		{B9A8D99B-F217-40DB-85D4-1CD432167795}.Debug|x64.ActiveCfg = Debug|x64
		{B9A8D99B-F217-40DB-85D4-1CD432167795}.Debug|x64.Build.0 = Debug|x64
		{B9A8D99B-F217-40DB-85D4-1CD432167795}.Debug|x86.ActiveCfg = Debug|Win32
		{B9A8D99B-F217-40DB-85D4-1CD432167795}.Debug|x86.Build.0 = Debug|Win32
		{B9A8D99B-F217-40DB-85D4-1CD432167795}.Release|x64.ActiveCfg = Release|x64
		{B9A8D99B-F217-40DB-85D4-1CD432167795}.Release|x64.Build.0 = Release|x64
		{B9A8D99B-F217-40DB-85D4-1CD432167795}.Release|x86.ActiveCfg = Release|Win32
		{B9A8D99B-F217-40DB-85D4-1CD432167795}.Release|x86.Build.0 = Release|Win32
		{7D4D34F1-2101-425A-AE92-FBB7FD48A726}.Debug|x64.ActiveCfg = Debug|x64
		{7D4D34F1-2101-425A-AE92-FBB7FD48A726}.Debug|x64.Build.0 = Debug|x64
		{7D4D34F1-2101-425A-AE92-FBB7FD48A726}.Debug|x86.ActiveCfg = Debug|Win32
		{7D4D34F1-2101-425A-AE92-FBB7FD48A726}.Debug|x86.Build.0 = Debug|Win32
		{7D4D34F1-2101-425A-AE92-FBB7FD48A726}.Release|x64.ActiveCfg = Release|x64
		{7D4D34F1-2101-425A-AE92-FBB7FD48A726}.Release|x64.Build.0 = Release|x64
		{7D4D34F1-2101-425A-AE92-FBB7FD48A726}.Release|x86.ActiveCfg = Release|Win32
		{7D4D34F1-2101-425A-AE92-FBB7FD48A726}.Release|x86.Build.0 = Release|Win32
		{8F981E65-5189-4FE1-B384-1E679131B6D2}.Debug|x64.ActiveCfg = Debug|x64
		{8F981E65-5189-4FE1-B384-1E679131B6D2}.Debug|x64.Build.0 = Debug|x64
		{8F981E65-5189-4FE1-B384-1E679131B6D2}.Debug|x86.ActiveCfg = Debug|Win32
		{8F981E65-5189-4FE1-B384-1E679131B6D2}.Debug|x86.Build.0 = Debug|Win32
		{8F981E65-5189-4FE1-B384-1E679131B6D2}.Release|x64.ActiveCfg = Release|x64
		{8F981E65-5189-4FE1-B384-1E679131B6D2}.Release|x64.Build.0 = Release|x64
		{8F981E65-5189-4FE1-B384-1E679131B6D2}.Release|x86.ActiveCfg = Release|Win32
		{8F981E65-5189-4FE1-B384-1E679131B6D2}.Release|x86.Build.0 = Release|Win32
		{F85FADD3-DDD5-49A7-A63D-A8923486D674}.Debug|x64.ActiveCfg = Debug|x64
		{F85FADD3-DDD5-49A7-A63D-A8923486D674}.Debug|x64.Build.0 = Debug|x64
		{F85FADD3-DDD5-49A7-A63D-A8923486D674}.Debug|x86.ActiveCfg = Debug|Win32
		{F85FADD3-DDD5-49A7-A63D-A8923486D674}.Debug|x86.Build.0 = Debug|Win32
		{F85FADD3-DDD5-49A7-A63D-A8923486D674}.Release|x64.ActiveCfg = Release|x64
		{F85FADD3-DDD5-49A7-A63D-A8923486D674}.Release|x64.Build.0 = Release|x64
		{F85FADD3-DDD5-49A7-A63D-A8923486D674}.Release|x86.ActiveCfg = Release|Win32
		{F85FADD3-DDD5-49A7-A63D-A8923486D674}.Release|x86.Build.0 = Release|Win32
		{32196809-EF0F-419B-865E-385311E90348}.Debug|x64.ActiveCfg = Debug|x64
		{32196809-EF0F-419B-865E-385311E90348}.Debug|x64.Build.0 = Debug|x64
		{32196809-EF0F-419B-865E-385311E90348}.Debug|x86.ActiveCfg = Debug|Win32
		{32196809-EF0F-419B-865E-385311E90348}.Debug|x86.Build.0 = Debug|Win32
		{32196809-EF0F-419B-865E-385311E90348}.Release|x64.ActiveCfg = Release|x64
		{32196809-EF0F-419B-865E-385311E90348}.Release|x64.Build.0 = Release|x64
		{32196809-EF0F-419B-865E-385311E90348}.Release|x86.ActiveCfg = Release|Win32
		{32196809-EF0F-419B-865E-385311E90348}.Release|x86.Build.0 = Release|Win32
		{7CA6725B-8428-4A13-967C-F8E409A7F5E3}.Debug|x64.ActiveCfg = Debug|x64
		{7CA6725B-8428-4A13-967C-F8E409A7F5E3}.Debug|x64.Build.0 = Debug|x64
		{7CA6725B-8428-4A13-967C-F8E409A7F5E3}.Debug|x86.ActiveCfg = Debug|Win32
		{7CA6725B-8428-4A13-967C-F8E409A7F5E3}.Debug|x86.Build.0 = Debug|Win32
		{7CA6725B-8428-4A13-967C-F8E409A7F5E3}.Release|x64.ActiveCfg = Release|x64
		{7CA6725B-8428-4A13-967C-F8E409A7F5E3}.Release|x64.Build.0 = Release|x64
		{7CA6725B-8428-4A13-967C-F8E409A7F5E3}.Release|x86.ActiveCfg = Release|Win32
		{7CA6725B-8428-4A13-967C-F8E409A7F5E3}.Release|x86.Build.0 = Release|Win32
	EndGlobalSection
	GlobalSection(SolutionProperties) = preSolution
		HideSolutionNode = FALSE
	EndGlobalSection
	GlobalSection(NestedProjects) = preSolution
		{B9A8D99B-F217-40DB-85D4-1CD432167795} = {BC1AEA83-D2DF-4190-9DBE-6EE2E17CF672}
		{7D4D34F1-2101-425A-AE92-FBB7FD48A726} = {322D1545-562F-4793-8857-46EB3F8B461F}
		{8F981E65-5189-4FE1-B384-1E679131B6D2} = {322D1545-562F-4793-8857-46EB3F8B461F}
		{C36A81C0-6925-46A2-8C8F-4C5C5C534647} = {BC1AEA83-D2DF-4190-9DBE-6EE2E17CF672}
		{946C0427-40C4-40CA-BF03-ED34600857ED} = {C36A81C0-6925-46A2-8C8F-4C5C5C534647}
		{DCA22CD1-B37E-49DA-B08F-6A13A0C5C6DC} = {C36A81C0-6925-46A2-8C8F-4C5C5C534647}
		{C5897E4C-CE9E-4851-9EA2-CA9B13189BA0} = {C36A81C0-6925-46A2-8C8F-4C5C5C534647}
		{F85FADD3-DDD5-49A7-A63D-A8923486D674} = {946C0427-40C4-40CA-BF03-ED34600857ED}
		{32196809-EF0F-419B-865E-385311E90348} = {6F2875E5-7E98-4C88-B2DD-AB0C701F2339}
		{7CA6725B-8428-4A13-967C-F8E409A7F5E3} = {6F2875E5-7E98-4C88-B2DD-AB0C701F2339}
	EndGlobalSection
EndGlobal
