<?xml version="1.0" encoding="utf-8"?>
<Project ToolsVersion="4.0" xmlns="http://schemas.microsoft.com/developer/msbuild/2003">
  <ItemGroup>
    <Filter Include="include">
      <UniqueIdentifier>{93995380-89BD-4b04-88EB-625FBE52EBFB}</UniqueIdentifier>
      <Extensions>h;hh;hpp;hxx;hm;inl;inc;xsd</Extensions>
    </Filter>
    <Filter Include="src">
      <UniqueIdentifier>{4FC737F1-C7A5-4376-A066-2A32D752A2FF}</UniqueIdentifier>
      <Extensions>cpp;c;cc;cxx;def;odl;idl;hpj;bat;asm;asmx</Extensions>
    </Filter>
    <Filter Include="test">
      <UniqueIdentifier>{67DA6AB6-F800-4c08-8B7A-83BB121AAD01}</UniqueIdentifier>
      <Extensions>rc;ico;cur;bmp;dlg;rc2;rct;bin;rgs;gif;jpg;jpeg;jpe;resx;tiff;tif;png;wav;mfcribbon-ms</Extensions>
    </Filter>
    <Filter Include="config">
      <UniqueIdentifier>{0e5f96fa-9d0b-4e99-a40a-58a670544a20}</UniqueIdentifier>
    </Filter>
    <Filter Include="doc">
      <UniqueIdentifier>{2beae7e2-9e15-4a7b-8e1a-c219a21755e1}</UniqueIdentifier>
    </Filter>
    <Filter Include="include\core">
      <UniqueIdentifier>{7c402ed8-57d1-4ce2-a81c-e5537b797a29}</UniqueIdentifier>
    </Filter>
    <Filter Include="src\core">
      <UniqueIdentifier>{c3e2a2af-9f71-4747-a5e6-cee3fc4783a5}</UniqueIdentifier>
    </Filter>
    <Filter Include="src\modules">
      <UniqueIdentifier>{640c6e1c-8920-4d89-83a3-eb1c3a4b66cb}</UniqueIdentifier>
    </Filter>
    <Filter Include="include\core\base">
      <UniqueIdentifier>{1e567192-d9c5-473e-8164-27bfde0d93d0}</UniqueIdentifier>
    </Filter>
    <Filter Include="include\core\module">
      <UniqueIdentifier>{96f1f7cb-e072-4158-a96d-2d4417030b19}</UniqueIdentifier>
    </Filter>
    <Filter Include="include\core\system">
      <UniqueIdentifier>{8aa9a0a4-4028-4465-a9de-9d966f12081d}</UniqueIdentifier>
    </Filter>
    <Filter Include="include\core\utils">
      <UniqueIdentifier>{7a600fcd-f2ea-40c5-ad81-c4252c0de9de}</UniqueIdentifier>
    </Filter>
    <Filter Include="src\core\base">
      <UniqueIdentifier>{2187c0f5-cad9-4561-ae6b-59a309388621}</UniqueIdentifier>
    </Filter>
    <Filter Include="src\core\module">
      <UniqueIdentifier>{810bfb4a-c6f2-4fd3-8de1-92373340194e}</UniqueIdentifier>
    </Filter>
    <Filter Include="src\core\utils">
      <UniqueIdentifier>{44cebf4b-f265-479c-8ee8-c51ba53f4b57}</UniqueIdentifier>
    </Filter>
    <Filter Include="src\core\system">
      <UniqueIdentifier>{785feb9d-2740-4a29-975a-2a0e066e0ce0}</UniqueIdentifier>
    </Filter>
    <Filter Include="src\modules\connect">
      <UniqueIdentifier>{42a02b4c-f703-44ec-a890-53288606a6fc}</UniqueIdentifier>
    </Filter>
    <Filter Include="src\modules\database">
      <UniqueIdentifier>{62b19f27-bf94-4a6b-a700-966597008802}</UniqueIdentifier>
    </Filter>
    <Filter Include="src\modules\process">
      <UniqueIdentifier>{ae61172a-8b5d-4223-91b4-bbff40f95bda}</UniqueIdentifier>
    </Filter>
    <Filter Include="include\core\module\app">
      <UniqueIdentifier>{edde9fe9-0dc6-4be8-bb7c-e8f92cfe9b4f}</UniqueIdentifier>
    </Filter>
    <Filter Include="include\core\module\device">
      <UniqueIdentifier>{52301620-56b5-4307-9b4f-185f1e2a41b7}</UniqueIdentifier>
    </Filter>
    <Filter Include="include\core\module\device_io">
      <UniqueIdentifier>{24181bb6-5e42-4b97-99de-8d7231645646}</UniqueIdentifier>
    </Filter>
    <Filter Include="src\core\module\app">
      <UniqueIdentifier>{fd6c69dc-a2ad-4a88-950f-ec4e50dc9dd0}</UniqueIdentifier>
    </Filter>
    <Filter Include="src\core\module\device">
      <UniqueIdentifier>{12b90498-8d6f-46f5-9793-8afa9482da7f}</UniqueIdentifier>
    </Filter>
    <Filter Include="src\core\module\device_io">
      <UniqueIdentifier>{d1ac8e10-ab41-4b9e-b11e-34fe94356395}</UniqueIdentifier>
    </Filter>
    <Filter Include="include\core\system\attribute">
      <UniqueIdentifier>{c6294b8e-2fd8-42f9-a9ae-d8c96f013626}</UniqueIdentifier>
    </Filter>
    <Filter Include="src\core\system\attribute">
      <UniqueIdentifier>{6db1b7f9-5ae0-40a9-945b-2162191eddc3}</UniqueIdentifier>
    </Filter>
    <Filter Include="include\core\utils\task">
      <UniqueIdentifier>{21cac4e5-9207-45aa-a26f-2dcb86d76ce1}</UniqueIdentifier>
    </Filter>
    <Filter Include="include\core\utils\thread">
      <UniqueIdentifier>{3da5f446-6a7d-4330-a9e6-3f59ea1bd0b5}</UniqueIdentifier>
    </Filter>
    <Filter Include="src\core\utils\thread">
      <UniqueIdentifier>{b8eab437-4b48-47d0-841b-6466ffeae5ab}</UniqueIdentifier>
    </Filter>
    <Filter Include="src\core\utils\task">
      <UniqueIdentifier>{996f5473-11e0-461c-9c37-e469a89cf3b7}</UniqueIdentifier>
    </Filter>
    <Filter Include="src\core\module\device\connect">
      <UniqueIdentifier>{322cc0d1-8c54-4100-aef9-2d2617407e01}</UniqueIdentifier>
    </Filter>
    <Filter Include="src\core\module\device\database">
      <UniqueIdentifier>{b34036f0-4f02-4078-90e1-6537ce84f63d}</UniqueIdentifier>
    </Filter>
    <Filter Include="src\core\module\device\process">
      <UniqueIdentifier>{c171674f-daed-49b8-8a10-82197210d4bb}</UniqueIdentifier>
    </Filter>
    <Filter Include="include\core\module\device\connect">
      <UniqueIdentifier>{13fdb496-6ad4-4244-9e9c-df7df7ad6502}</UniqueIdentifier>
    </Filter>
    <Filter Include="include\core\module\device\database">
      <UniqueIdentifier>{406cf380-4ce5-45c7-a5b4-07d9bc5c5b9e}</UniqueIdentifier>
    </Filter>
    <Filter Include="include\core\module\device\process">
      <UniqueIdentifier>{657adecd-107b-4bb8-ba74-a4f03de016c6}</UniqueIdentifier>
    </Filter>
    <Filter Include="include\core\module\device\connect\url">
      <UniqueIdentifier>{92640052-32f0-4433-a4b0-6d2ed50915a2}</UniqueIdentifier>
    </Filter>
    <Filter Include="src\core\module\device\connect\url">
      <UniqueIdentifier>{70c46598-c45a-4376-a069-5ef8898ec983}</UniqueIdentifier>
    </Filter>
  </ItemGroup>
  <ItemGroup>
    <ClInclude Include="..\..\..\include\core\base\csf_buffer.hpp">
      <Filter>include\core\base</Filter>
    </ClInclude>
    <ClInclude Include="..\..\..\include\core\base\csf_collector.hpp">
      <Filter>include\core\base</Filter>
    </ClInclude>
    <ClInclude Include="..\..\..\include\core\base\csf_collector_interface.hpp">
      <Filter>include\core\base</Filter>
    </ClInclude>
    <ClInclude Include="..\..\..\include\core\base\csf_container.hpp">
      <Filter>include\core\base</Filter>
    </ClInclude>
    <ClInclude Include="..\..\..\include\core\base\csf_container_interface.hpp">
      <Filter>include\core\base</Filter>
    </ClInclude>
    <ClInclude Include="..\..\..\include\core\base\csf_csflist.hpp">
      <Filter>include\core\base</Filter>
    </ClInclude>
    <ClInclude Include="..\..\..\include\core\base\csf_csfmap.hpp">
      <Filter>include\core\base</Filter>
    </ClInclude>
    <ClInclude Include="..\..\..\include\core\base\csf_csfqueue.hpp">
      <Filter>include\core\base</Filter>
    </ClInclude>
    <ClInclude Include="..\..\..\include\core\base\csf_csfstring.hpp">
      <Filter>include\core\base</Filter>
    </ClInclude>
    <ClInclude Include="..\..\..\include\core\base\csf_errno.hpp">
      <Filter>include\core\base</Filter>
    </ClInclude>
    <ClInclude Include="..\..\..\include\core\base\csf_list.hpp">
      <Filter>include\core\base</Filter>
    </ClInclude>
    <ClInclude Include="..\..\..\include\core\base\csf_map.hpp">
      <Filter>include\core\base</Filter>
    </ClInclude>
    <ClInclude Include="..\..\..\include\core\base\csf_memblock.hpp">
      <Filter>include\core\base</Filter>
    </ClInclude>
    <ClInclude Include="..\..\..\include\core\base\csf_pfstring.hpp">
      <Filter>include\core\base</Filter>
    </ClInclude>
    <ClInclude Include="..\..\..\include\core\base\csf_queue.hpp">
      <Filter>include\core\base</Filter>
    </ClInclude>
    <ClInclude Include="..\..\..\include\core\base\csf_set.hpp">
      <Filter>include\core\base</Filter>
    </ClInclude>
    <ClInclude Include="..\..\..\include\core\base\csf_stack.hpp">
      <Filter>include\core\base</Filter>
    </ClInclude>
    <ClInclude Include="..\..\..\include\core\base\csf_time.hpp">
      <Filter>include\core\base</Filter>
    </ClInclude>
    <ClInclude Include="..\..\..\include\core\base\csf_vector.hpp">
      <Filter>include\core\base</Filter>
    </ClInclude>
    <ClInclude Include="..\..\..\include\core\base\csf_version.hpp">
      <Filter>include\core\base</Filter>
    </ClInclude>
    <ClInclude Include="..\..\..\include\core\module\csf_device_base.hpp">
      <Filter>include\core\module</Filter>
    </ClInclude>
    <ClInclude Include="..\..\..\include\core\module\csf_device_operation_interface.hpp">
      <Filter>include\core\module</Filter>
    </ClInclude>
    <ClInclude Include="..\..\..\include\core\module\csf_error.hpp">
      <Filter>include\core\module</Filter>
    </ClInclude>
    <ClInclude Include="..\..\..\include\core\module\csf_interface.hpp">
      <Filter>include\core\module</Filter>
    </ClInclude>
    <ClInclude Include="..\..\..\include\core\module\csf_manager.hpp">
      <Filter>include\core\module</Filter>
    </ClInclude>
    <ClInclude Include="..\..\..\include\core\module\csf_manager_interface.hpp">
      <Filter>include\core\module</Filter>
    </ClInclude>
    <ClInclude Include="..\..\..\include\core\module\csf_module.hpp">
      <Filter>include\core\module</Filter>
    </ClInclude>
    <ClInclude Include="..\..\..\include\core\module\csf_module_factory.hpp">
      <Filter>include\core\module</Filter>
    </ClInclude>
    <ClInclude Include="..\..\..\include\core\module\csf_module_factory_interface.hpp">
      <Filter>include\core\module</Filter>
    </ClInclude>
    <ClInclude Include="..\..\..\include\core\module\csf_module_factory_manager.hpp">
      <Filter>include\core\module</Filter>
    </ClInclude>
    <ClInclude Include="..\..\..\include\core\module\csf_module_factory_manager_interface.hpp">
      <Filter>include\core\module</Filter>
    </ClInclude>
    <ClInclude Include="..\..\..\include\core\module\csf_module_interface.hpp">
      <Filter>include\core\module</Filter>
    </ClInclude>
    <ClInclude Include="..\..\..\include\core\module\csf_module_manager_interface.hpp">
      <Filter>include\core\module</Filter>
    </ClInclude>
    <ClInclude Include="..\..\..\include\core\module\csf_module_version.hpp">
      <Filter>include\core\module</Filter>
    </ClInclude>
    <ClInclude Include="..\..\..\include\core\module\csf_vm.hpp">
      <Filter>include\core\module</Filter>
    </ClInclude>
    <ClInclude Include="..\..\..\include\core\module\app\csf_app.hpp">
      <Filter>include\core\module\app</Filter>
    </ClInclude>
    <ClInclude Include="..\..\..\include\core\module\app\csf_app_interface.hpp">
      <Filter>include\core\module\app</Filter>
    </ClInclude>
    <ClInclude Include="..\..\..\include\core\module\device\csf_device.hpp">
      <Filter>include\core\module\device</Filter>
    </ClInclude>
    <ClInclude Include="..\..\..\include\core\module\device\csf_device_interface.hpp">
      <Filter>include\core\module\device</Filter>
    </ClInclude>
    <ClInclude Include="..\..\..\include\core\module\device_io\csf_device_io.hpp">
      <Filter>include\core\module\device_io</Filter>
    </ClInclude>
    <ClInclude Include="..\..\..\include\core\module\device_io\csf_device_io_interface.hpp">
      <Filter>include\core\module\device_io</Filter>
    </ClInclude>
    <ClInclude Include="..\..\..\include\core\utils\csf_rb_tree.hpp">
      <Filter>include\core\utils</Filter>
    </ClInclude>
    <ClInclude Include="..\..\..\include\core\system\csf_configure.hpp">
      <Filter>include\core\system</Filter>
    </ClInclude>
    <ClInclude Include="..\..\..\include\core\system\csf_configure_file.hpp">
      <Filter>include\core\system</Filter>
    </ClInclude>
    <ClInclude Include="..\..\..\include\core\system\csf_configure_interface.hpp">
      <Filter>include\core\system</Filter>
    </ClInclude>
    <ClInclude Include="..\..\..\include\core\system\csf_configure_manager.hpp">
      <Filter>include\core\system</Filter>
    </ClInclude>
    <ClInclude Include="..\..\..\include\core\system\csf_configure_parser.hpp">
      <Filter>include\core\system</Filter>
    </ClInclude>
    <ClInclude Include="..\..\..\include\core\system\csf_element.hpp">
      <Filter>include\core\system</Filter>
    </ClInclude>
    <ClInclude Include="..\..\..\include\core\system\csf_element_interface.hpp">
      <Filter>include\core\system</Filter>
    </ClInclude>
    <ClInclude Include="..\..\..\include\core\system\csf_logger.hpp">
      <Filter>include\core\system</Filter>
    </ClInclude>
    <ClInclude Include="..\..\..\include\core\system\csf_measure_configure.hpp">
      <Filter>include\core\system</Filter>
    </ClInclude>
    <ClInclude Include="..\..\..\include\csf_include.h">
      <Filter>include</Filter>
    </ClInclude>
    <ClInclude Include="..\..\..\include\core\csf_core.h">
      <Filter>include\core</Filter>
    </ClInclude>
    <ClInclude Include="..\..\..\include\core\base\csf_base_include.h">
      <Filter>include\core\base</Filter>
    </ClInclude>
    <ClInclude Include="..\..\..\include\core\system\csf_system_include.h">
      <Filter>include\core\system</Filter>
    </ClInclude>
    <ClInclude Include="..\..\..\include\core\utils\csf_utils_include.h">
      <Filter>include\core\utils</Filter>
    </ClInclude>
    <ClInclude Include="..\..\..\include\core\base\csf_typedef.h">
      <Filter>include\core\base</Filter>
    </ClInclude>
    <ClInclude Include="..\..\..\include\core\base\csf_default.h">
      <Filter>include\core\base</Filter>
    </ClInclude>
    <ClInclude Include="..\..\..\include\core\base\csf_stddef.h">
      <Filter>include\core\base</Filter>
    </ClInclude>
    <ClInclude Include="..\..\..\include\core\base\csf_chain.hpp">
      <Filter>include\core\base</Filter>
    </ClInclude>
    <ClInclude Include="..\..\..\include\core\csf_null.hpp">
      <Filter>include\core</Filter>
    </ClInclude>
    <ClInclude Include="..\..\..\include\core\base\csf_csftype.hpp">
      <Filter>include\core\base</Filter>
    </ClInclude>
    <ClInclude Include="..\..\..\include\core\base\csf_null_interface.hpp">
      <Filter>include\core\base</Filter>
    </ClInclude>
    <ClInclude Include="..\..\..\include\core\utils\csf_markup_xml.hpp">
      <Filter>include\core\utils</Filter>
    </ClInclude>
    <ClInclude Include="..\..\..\include\core\system\csf_logger_define.h">
      <Filter>include\core\system</Filter>
    </ClInclude>
    <ClInclude Include="..\..\..\include\core\module\csf_module_factory_printf.h">
      <Filter>include\core\module</Filter>
    </ClInclude>
    <ClInclude Include="..\..\..\include\core\base\csf_stdcollector.hpp">
      <Filter>include\core\base</Filter>
    </ClInclude>
    <ClInclude Include="..\..\..\include\core\base\csf_stdbind.hpp">
      <Filter>include\core\base</Filter>
    </ClInclude>
    <ClInclude Include="..\..\..\include\core\base\csf_csftype_template.hpp">
      <Filter>include\core\base</Filter>
    </ClInclude>
    <ClInclude Include="..\..\..\include\core\system\attribute\csf_attribute.hpp">
      <Filter>include\core\system\attribute</Filter>
    </ClInclude>
    <ClInclude Include="..\..\..\include\core\system\attribute\csf_attribute_bool.hpp">
      <Filter>include\core\system\attribute</Filter>
    </ClInclude>
    <ClInclude Include="..\..\..\include\core\system\attribute\csf_attribute_boundary.hpp">
      <Filter>include\core\system\attribute</Filter>
    </ClInclude>
    <ClInclude Include="..\..\..\include\core\system\attribute\csf_attribute_default_value.hpp">
      <Filter>include\core\system\attribute</Filter>
    </ClInclude>
    <ClInclude Include="..\..\..\include\core\system\attribute\csf_attribute_default_value_template.hpp">
      <Filter>include\core\system\attribute</Filter>
    </ClInclude>
    <ClInclude Include="..\..\..\include\core\system\attribute\csf_attribute_exception.hpp">
      <Filter>include\core\system\attribute</Filter>
    </ClInclude>
    <ClInclude Include="..\..\..\include\core\system\attribute\csf_attribute_exception_critical.hpp">
      <Filter>include\core\system\attribute</Filter>
    </ClInclude>
    <ClInclude Include="..\..\..\include\core\system\attribute\csf_attribute_exception_default_value.hpp">
      <Filter>include\core\system\attribute</Filter>
    </ClInclude>
    <ClInclude Include="..\..\..\include\core\system\attribute\csf_attribute_exception_warning.hpp">
      <Filter>include\core\system\attribute</Filter>
    </ClInclude>
    <ClInclude Include="..\..\..\include\core\system\attribute\csf_attribute_int.hpp">
      <Filter>include\core\system\attribute</Filter>
    </ClInclude>
    <ClInclude Include="..\..\..\include\core\system\attribute\csf_attribute_int64.hpp">
      <Filter>include\core\system\attribute</Filter>
    </ClInclude>
    <ClInclude Include="..\..\..\include\core\system\attribute\csf_attribute_manager.hpp">
      <Filter>include\core\system\attribute</Filter>
    </ClInclude>
    <ClInclude Include="..\..\..\include\core\system\attribute\csf_attribute_manager_interface.hpp">
      <Filter>include\core\system\attribute</Filter>
    </ClInclude>
    <ClInclude Include="..\..\..\include\core\system\attribute\csf_attribute_number.hpp">
      <Filter>include\core\system\attribute</Filter>
    </ClInclude>
    <ClInclude Include="..\..\..\include\core\system\attribute\csf_attribute_printf.h">
      <Filter>include\core\system\attribute</Filter>
    </ClInclude>
    <ClInclude Include="..\..\..\include\core\system\attribute\csf_attribute_space_size.hpp">
      <Filter>include\core\system\attribute</Filter>
    </ClInclude>
    <ClInclude Include="..\..\..\include\core\system\attribute\csf_attribute_string.hpp">
      <Filter>include\core\system\attribute</Filter>
    </ClInclude>
    <ClInclude Include="..\..\..\include\core\system\attribute\csf_attribute_template.hpp">
      <Filter>include\core\system\attribute</Filter>
    </ClInclude>
    <ClInclude Include="..\..\..\include\core\system\attribute\csf_attribute_time.hpp">
      <Filter>include\core\system\attribute</Filter>
    </ClInclude>
    <ClInclude Include="..\..\..\include\core\system\attribute\csf_attribute_include.h">
      <Filter>include\core\system\attribute</Filter>
    </ClInclude>
    <ClInclude Include="..\..\..\include\core\module\csf_module_include.h">
      <Filter>include\core\module</Filter>
    </ClInclude>
    <ClInclude Include="..\..\..\include\core\module\csf_module_manager.hpp">
      <Filter>include\core\module</Filter>
    </ClInclude>
    <ClInclude Include="..\..\..\include\core\base\csf_container_convert.hpp">
      <Filter>include\core\base</Filter>
    </ClInclude>
    <ClInclude Include="..\..\..\include\core\system\csf_root_configure.hpp">
      <Filter>include\core\system</Filter>
    </ClInclude>
    <ClInclude Include="..\..\..\include\core\utils\thread\csf_mutex.hpp">
      <Filter>include\core\utils\thread</Filter>
    </ClInclude>
    <ClInclude Include="..\..\..\include\core\utils\thread\csf_shared_mutex.hpp">
      <Filter>include\core\utils\thread</Filter>
    </ClInclude>
    <ClInclude Include="..\..\..\include\core\utils\thread\csf_thread.hpp">
      <Filter>include\core\utils\thread</Filter>
    </ClInclude>
    <ClInclude Include="..\..\..\include\core\utils\thread\csf_thread_group.hpp">
      <Filter>include\core\utils\thread</Filter>
    </ClInclude>
    <ClInclude Include="..\..\..\include\core\utils\task\csf_loop_broken_task.hpp">
      <Filter>include\core\utils\task</Filter>
    </ClInclude>
    <ClInclude Include="..\..\..\include\core\utils\task\csf_loop_task.hpp">
      <Filter>include\core\utils\task</Filter>
    </ClInclude>
    <ClInclude Include="..\..\..\include\core\utils\task\csf_once_task.hpp">
      <Filter>include\core\utils\task</Filter>
    </ClInclude>
    <ClInclude Include="..\..\..\include\core\utils\task\csf_task.hpp">
      <Filter>include\core\utils\task</Filter>
    </ClInclude>
    <ClInclude Include="..\..\..\include\core\utils\task\csf_task_callback.hpp">
      <Filter>include\core\utils\task</Filter>
    </ClInclude>
    <ClInclude Include="..\..\..\include\core\utils\task\csf_task_delete_callback.hpp">
      <Filter>include\core\utils\task</Filter>
    </ClInclude>
    <ClInclude Include="..\..\..\include\core\utils\task\csf_task_interface.hpp">
      <Filter>include\core\utils\task</Filter>
    </ClInclude>
    <ClInclude Include="..\..\..\include\core\utils\task\csf_task_manager.hpp">
      <Filter>include\core\utils\task</Filter>
    </ClInclude>
    <ClInclude Include="..\..\..\include\core\utils\task\csf_task_status.hpp">
      <Filter>include\core\utils\task</Filter>
    </ClInclude>
    <ClInclude Include="..\..\..\include\core\utils\task\csf_task_type.hpp">
      <Filter>include\core\utils\task</Filter>
    </ClInclude>
    <ClInclude Include="..\..\..\include\core\utils\task\csf_time_task.hpp">
      <Filter>include\core\utils\task</Filter>
    </ClInclude>
    <ClInclude Include="..\..\..\include\core\utils\task\csf_times_task.hpp">
      <Filter>include\core\utils\task</Filter>
    </ClInclude>
    <ClInclude Include="..\..\..\include\core\utils\thread\csf_lock.hpp">
      <Filter>include\core\utils\thread</Filter>
    </ClInclude>
    <ClInclude Include="..\..\..\include\core\module\csf_module_configure.hpp">
      <Filter>include\core\module</Filter>
    </ClInclude>
    <ClInclude Include="..\..\..\include\core\system\csf_app_bootloader.hpp">
      <Filter>include\core\system</Filter>
    </ClInclude>
    <ClInclude Include="..\..\..\include\core\module\device\connect\csf_connect.hpp">
      <Filter>include\core\module\device\connect</Filter>
    </ClInclude>
    <ClInclude Include="..\..\..\include\core\module\device\connect\csf_connect_factory.hpp">
      <Filter>include\core\module\device\connect</Filter>
    </ClInclude>
    <ClInclude Include="..\..\..\include\core\module\device\connect\csf_connect_factory_interface.hpp">
      <Filter>include\core\module\device\connect</Filter>
    </ClInclude>
    <ClInclude Include="..\..\..\include\core\module\device\connect\csf_connect_factory_manager.hpp">
      <Filter>include\core\module\device\connect</Filter>
    </ClInclude>
    <ClInclude Include="..\..\..\include\core\module\device\connect\csf_connect_factory_manager_interface.hpp">
      <Filter>include\core\module\device\connect</Filter>
    </ClInclude>
    <ClInclude Include="..\..\..\include\core\module\device\connect\csf_connect_interface.hpp">
      <Filter>include\core\module\device\connect</Filter>
    </ClInclude>
    <ClInclude Include="..\..\..\include\core\module\device\connect\url\csf_url.hpp">
      <Filter>include\core\module\device\connect\url</Filter>
    </ClInclude>
    <ClInclude Include="..\..\..\include\core\module\device\connect\csf_deadline_timer.hpp">
      <Filter>include\core\module\device\connect</Filter>
    </ClInclude>
    <ClInclude Include="..\..\..\include\core\base\csf_atomic.h">
      <Filter>include\core\base</Filter>
    </ClInclude>
    <ClInclude Include="..\..\..\include\core\base\csf_stdcplusplus.hpp">
      <Filter>include\core\base</Filter>
    </ClInclude>
    <ClInclude Include="..\..\..\include\core\module\device\connect\csf_connect_callback.hpp">
      <Filter>include\core\module\device\connect</Filter>
    </ClInclude>
    <ClInclude Include="..\..\..\include\core\module\device\connect\csf_connect_error.hpp">
      <Filter>include\core\module\device\connect</Filter>
    </ClInclude>
    <ClInclude Include="..\..\..\include\core\system\csf_configure_module.hpp">
      <Filter>include\core\system</Filter>
    </ClInclude>
    <ClInclude Include="..\..\..\include\core\module\csf_device_configure_interface.hpp">
      <Filter>include\core\module</Filter>
    </ClInclude>
    <ClInclude Include="..\..\..\include\core\module\device\connect\csf_connect_buffer.hpp">
      <Filter>include\core\module\device\connect</Filter>
    </ClInclude>
    <ClInclude Include="..\..\..\include\core\module\device\connect\csf_connect_timeout.hpp">
      <Filter>include\core\module\device\connect</Filter>
    </ClInclude>
    <ClInclude Include="..\..\..\include\core\utils\thread\csf_thread_pool.hpp">
      <Filter>include\core\utils\thread</Filter>
    </ClInclude>
  </ItemGroup>
  <ItemGroup>
    <ClCompile Include="..\..\..\src\core\base\csf_collector.cpp">
      <Filter>src\core\base</Filter>
    </ClCompile>
    <ClCompile Include="..\..\..\src\core\base\csf_csflist.cpp">
      <Filter>src\core\base</Filter>
    </ClCompile>
    <ClCompile Include="..\..\..\src\core\base\csf_csfmap.cpp">
      <Filter>src\core\base</Filter>
    </ClCompile>
    <ClCompile Include="..\..\..\src\core\base\csf_csfqueue.cpp">
      <Filter>src\core\base</Filter>
    </ClCompile>
    <ClCompile Include="..\..\..\src\core\base\csf_csfstring.cpp">
      <Filter>src\core\base</Filter>
    </ClCompile>
    <ClCompile Include="..\..\..\src\core\base\csf_list.cpp">
      <Filter>src\core\base</Filter>
    </ClCompile>
    <ClCompile Include="..\..\..\src\core\base\csf_map.cpp">
      <Filter>src\core\base</Filter>
    </ClCompile>
    <ClCompile Include="..\..\..\src\core\base\csf_queue.cpp">
      <Filter>src\core\base</Filter>
    </ClCompile>
    <ClCompile Include="..\..\..\src\core\base\csf_set.cpp">
      <Filter>src\core\base</Filter>
    </ClCompile>
    <ClCompile Include="..\..\..\src\core\base\csf_stack.cpp">
      <Filter>src\core\base</Filter>
    </ClCompile>
    <ClCompile Include="..\..\..\src\core\base\csf_time.cpp">
      <Filter>src\core\base</Filter>
    </ClCompile>
    <ClCompile Include="..\..\..\src\core\base\csf_vector.cpp">
      <Filter>src\core\base</Filter>
    </ClCompile>
    <ClCompile Include="..\..\..\src\core\module\app\csf_app.cpp">
      <Filter>src\core\module\app</Filter>
    </ClCompile>
    <ClCompile Include="..\..\..\src\core\module\device\csf_device.cpp">
      <Filter>src\core\module\device</Filter>
    </ClCompile>
    <ClCompile Include="..\..\..\src\core\module\device_io\csf_device_io.cpp">
      <Filter>src\core\module\device_io</Filter>
    </ClCompile>
    <ClCompile Include="..\..\..\src\core\system\csf_configure.cpp">
      <Filter>src\core\system</Filter>
    </ClCompile>
    <ClCompile Include="..\..\..\src\core\system\csf_configure_manager.cpp">
      <Filter>src\core\system</Filter>
    </ClCompile>
    <ClCompile Include="..\..\..\src\core\system\csf_configure_parser.cpp">
      <Filter>src\core\system</Filter>
    </ClCompile>
    <ClCompile Include="..\..\..\src\core\system\csf_element.cpp">
      <Filter>src\core\system</Filter>
    </ClCompile>
    <ClCompile Include="..\..\..\src\core\system\csf_logger.cpp">
      <Filter>src\core\system</Filter>
    </ClCompile>
    <ClCompile Include="..\..\..\src\core\base\csf_csftype.cpp">
      <Filter>src\core\base</Filter>
    </ClCompile>
    <ClCompile Include="..\..\..\src\core\module\csf_device_base.cpp">
      <Filter>src\core\module</Filter>
    </ClCompile>
    <ClCompile Include="..\..\..\src\core\module\csf_manager.cpp">
      <Filter>src\core\module</Filter>
    </ClCompile>
    <ClCompile Include="..\..\..\src\core\module\csf_module.cpp">
      <Filter>src\core\module</Filter>
    </ClCompile>
    <ClCompile Include="..\..\..\src\core\module\csf_module_factory.cpp">
      <Filter>src\core\module</Filter>
    </ClCompile>
    <ClCompile Include="..\..\..\src\core\module\csf_module_factory_manager.cpp">
      <Filter>src\core\module</Filter>
    </ClCompile>
    <ClCompile Include="..\..\..\src\core\module\csf_module_version.cpp">
      <Filter>src\core\module</Filter>
    </ClCompile>
    <ClCompile Include="..\..\..\src\core\module\csf_vm.cpp">
      <Filter>src\core\module</Filter>
    </ClCompile>
    <ClCompile Include="..\..\..\src\core\utils\csf_markup_xml.cpp">
      <Filter>src\core\utils</Filter>
    </ClCompile>
    <ClCompile Include="..\..\..\src\core\utils\csf_rb_tree.cpp">
      <Filter>src\core\utils</Filter>
    </ClCompile>
    <ClCompile Include="..\..\..\src\core\system\attribute\csf_attribute.cpp">
      <Filter>src\core\system\attribute</Filter>
    </ClCompile>
    <ClCompile Include="..\..\..\src\core\system\attribute\csf_attribute_bool.cpp">
      <Filter>src\core\system\attribute</Filter>
    </ClCompile>
    <ClCompile Include="..\..\..\src\core\system\attribute\csf_attribute_boundary.cpp">
      <Filter>src\core\system\attribute</Filter>
    </ClCompile>
    <ClCompile Include="..\..\..\src\core\system\attribute\csf_attribute_int.cpp">
      <Filter>src\core\system\attribute</Filter>
    </ClCompile>
    <ClCompile Include="..\..\..\src\core\system\attribute\csf_attribute_int64.cpp">
      <Filter>src\core\system\attribute</Filter>
    </ClCompile>
    <ClCompile Include="..\..\..\src\core\system\attribute\csf_attribute_manager.cpp">
      <Filter>src\core\system\attribute</Filter>
    </ClCompile>
    <ClCompile Include="..\..\..\src\core\system\attribute\csf_attribute_number.cpp">
      <Filter>src\core\system\attribute</Filter>
    </ClCompile>
    <ClCompile Include="..\..\..\src\core\system\attribute\csf_attribute_space_size.cpp">
      <Filter>src\core\system\attribute</Filter>
    </ClCompile>
    <ClCompile Include="..\..\..\src\core\system\attribute\csf_attribute_string.cpp">
      <Filter>src\core\system\attribute</Filter>
    </ClCompile>
    <ClCompile Include="..\..\..\src\core\system\attribute\csf_attribute_time.cpp">
      <Filter>src\core\system\attribute</Filter>
    </ClCompile>
    <ClCompile Include="..\..\..\src\core\module\csf_module_manager.cpp">
      <Filter>src\core\module</Filter>
    </ClCompile>
    <ClCompile Include="..\..\..\src\core\system\csf_root_configure.cpp">
      <Filter>src\core\system</Filter>
    </ClCompile>
    <ClCompile Include="..\..\..\src\core\system\attribute\csf_attribute_exception.cpp">
      <Filter>src\core\system\attribute</Filter>
    </ClCompile>
    <ClCompile Include="..\..\..\src\core\utils\thread\csf_mutex.cpp">
      <Filter>src\core\utils\thread</Filter>
    </ClCompile>
    <ClCompile Include="..\..\..\src\core\utils\thread\csf_shared_mutex.cpp">
      <Filter>src\core\utils\thread</Filter>
    </ClCompile>
    <ClCompile Include="..\..\..\src\core\utils\thread\csf_thread.cpp">
      <Filter>src\core\utils\thread</Filter>
    </ClCompile>
    <ClCompile Include="..\..\..\src\core\utils\thread\csf_thread_group.cpp">
      <Filter>src\core\utils\thread</Filter>
    </ClCompile>
    <ClCompile Include="..\..\..\src\core\utils\thread\csf_lock.cpp">
      <Filter>src\core\utils\thread</Filter>
    </ClCompile>
    <ClCompile Include="..\..\..\src\core\base\csf_chain.cpp">
      <Filter>src\core\base</Filter>
    </ClCompile>
    <ClCompile Include="..\..\..\src\core\system\csf_app_bootloader.cpp">
      <Filter>src\core\system</Filter>
    </ClCompile>
    <ClCompile Include="..\..\..\src\core\module\device\connect\csf_connect.cpp">
      <Filter>src\core\module\device\connect</Filter>
    </ClCompile>
    <ClCompile Include="..\..\..\src\core\module\device\connect\csf_connect_factory.cpp">
      <Filter>src\core\module\device\connect</Filter>
    </ClCompile>
    <ClCompile Include="..\..\..\src\core\module\device\connect\csf_connect_factory_manager.cpp">
      <Filter>src\core\module\device\connect</Filter>
    </ClCompile>
    <ClCompile Include="..\..\..\src\core\module\device\connect\url\csf_url.cpp">
      <Filter>src\core\module\device\connect\url</Filter>
    </ClCompile>
    <ClCompile Include="..\..\..\src\core\module\device\connect\csf_connect_error.cpp">
      <Filter>src\core\module\device\connect</Filter>
    </ClCompile>
    <ClCompile Include="..\..\..\src\core\system\csf_configure_module.cpp">
      <Filter>src\core\system</Filter>
    </ClCompile>
    <ClCompile Include="..\..\..\src\core\module\device\connect\csf_connect_timeout.cpp">
      <Filter>src\core\module\device\connect</Filter>
    </ClCompile>
    <ClCompile Include="..\..\..\src\core\utils\thread\csf_thread_pool.cpp">
      <Filter>src\core\utils\thread</Filter>
    </ClCompile>
  </ItemGroup>
  <ItemGroup>
    <Xml Include="..\..\..\config\csf_log.xml">
      <Filter>config</Filter>
    </Xml>
    <Xml Include="..\..\..\config\csf_app.xml">
      <Filter>config</Filter>
    </Xml>
    <Xml Include="..\..\..\config\csf_config.xml">
      <Filter>config</Filter>
    </Xml>
    <Xml Include="..\..\..\config\csf_module.xml">
      <Filter>config</Filter>
    </Xml>
    <Xml Include="..\..\..\config\csf_system.xml">
      <Filter>config</Filter>
    </Xml>
  </ItemGroup>
  <ItemGroup>
    <None Include="ClassDiagram.cd" />
  </ItemGroup>
</Project>