<?xml version="1.0" encoding="utf-8"?>
<Project ToolsVersion="4.0" xmlns="http://schemas.microsoft.com/developer/msbuild/2003">
  <ItemGroup>
    <Filter Include="include">
      <UniqueIdentifier>{93995380-89BD-4b04-88EB-625FBE52EBFB}</UniqueIdentifier>
      <Extensions>h;hh;hpp;hxx;hm;inl;inc;xsd</Extensions>
    </Filter>
    <Filter Include="src">
      <UniqueIdentifier>{4FC737F1-C7A5-4376-A066-2A32D752A2FF}</UniqueIdentifier>
      <Extensions>cpp;c;cc;cxx;def;odl;idl;hpj;bat;asm;asmx</Extensions>
    </Filter>
    <Filter Include="config">
      <UniqueIdentifier>{67DA6AB6-F800-4c08-8B7A-83BB121AAD01}</UniqueIdentifier>
      <Extensions>rc;ico;cur;bmp;dlg;rc2;rct;bin;rgs;gif;jpg;jpeg;jpe;resx;tiff;tif;png;wav;mfcribbon-ms</Extensions>
    </Filter>
    <Filter Include="doc">
      <UniqueIdentifier>{193eb479-8bee-4b98-93bc-e4373fa0dcff}</UniqueIdentifier>
    </Filter>
    <Filter Include="test">
      <UniqueIdentifier>{308df491-e73d-412d-95b3-40507778dba7}</UniqueIdentifier>
    </Filter>
    <Filter Include="include\core">
      <UniqueIdentifier>{e47feb64-5f14-4307-9a65-a9143ebec7bc}</UniqueIdentifier>
    </Filter>
    <Filter Include="src\core">
      <UniqueIdentifier>{a0e5e03c-619d-4618-b446-4fe2f3f26ad1}</UniqueIdentifier>
    </Filter>
    <Filter Include="include\core\base">
      <UniqueIdentifier>{2a9d208c-06ed-447c-ad47-17a62503895c}</UniqueIdentifier>
    </Filter>
    <Filter Include="src\core\base">
      <UniqueIdentifier>{05ef7554-067d-444b-b579-36f0440f8b2f}</UniqueIdentifier>
    </Filter>
    <Filter Include="include\qt">
      <UniqueIdentifier>{23bbb4e9-358d-43e7-98d1-56b26a2b4fd0}</UniqueIdentifier>
    </Filter>
    <Filter Include="src\qt">
      <UniqueIdentifier>{2ecec002-9d94-4aae-b3f3-41a2b7bdc378}</UniqueIdentifier>
    </Filter>
  </ItemGroup>
  <ItemGroup>
    <ClInclude Include="..\..\..\include\core\base\vdu_coordinate.hpp">
      <Filter>include\core\base</Filter>
    </ClInclude>
    <ClInclude Include="..\..\..\include\core\base\vdu_rect.hpp">
      <Filter>include\core\base</Filter>
    </ClInclude>
    <ClInclude Include="..\..\..\include\core\base\vdu_shape.hpp">
      <Filter>include\core\base</Filter>
    </ClInclude>
    <ClInclude Include="..\..\..\include\core\base\vdu_shape_convert.hpp">
      <Filter>include\core\base</Filter>
    </ClInclude>
    <ClInclude Include="..\..\..\include\core\base\vdu_shape_svg.hpp">
      <Filter>include\core\base</Filter>
    </ClInclude>
    <ClInclude Include="..\..\..\include\core\base\vdu_svg_convert.hpp">
      <Filter>include\core\base</Filter>
    </ClInclude>
    <ClInclude Include="..\..\..\include\core\vdu_box.hpp">
      <Filter>include\core</Filter>
    </ClInclude>
    <ClInclude Include="..\..\..\include\core\vdu_canvas.hpp">
      <Filter>include\core</Filter>
    </ClInclude>
    <ClInclude Include="..\..\..\include\core\vdu_canvas_interface.hpp">
      <Filter>include\core</Filter>
    </ClInclude>
    <ClInclude Include="..\..\..\include\core\vdu_panel.hpp">
      <Filter>include\core</Filter>
    </ClInclude>
    <ClInclude Include="..\..\..\include\core\vdu_panel_interface.hpp">
      <Filter>include\core</Filter>
    </ClInclude>
    <ClInclude Include="..\..\..\include\core\vdu_vm.hpp">
      <Filter>include\core</Filter>
    </ClInclude>
    <ClInclude Include="..\..\..\include\qt\vdu_qt_canvas.hpp">
      <Filter>include\qt</Filter>
    </ClInclude>
    <ClInclude Include="..\..\..\include\qt\vdu_qt_panel.hpp">
      <Filter>include\qt</Filter>
    </ClInclude>
    <ClInclude Include="..\..\..\include\core\vdu_panel_manager.hpp">
      <Filter>include\core</Filter>
    </ClInclude>
    <ClInclude Include="..\..\..\include\core\vdu_panel_manager_interface.hpp">
      <Filter>include\core</Filter>
    </ClInclude>
    <ClInclude Include="..\..\..\include\qt\vdu_qt_include.h">
      <Filter>include\qt</Filter>
    </ClInclude>
    <ClInclude Include="..\..\..\include\core\base\vdu_logger_define.h">
      <Filter>include\core\base</Filter>
    </ClInclude>
    <ClInclude Include="..\..\..\include\core\vdu_core.h">
      <Filter>include\core</Filter>
    </ClInclude>
    <ClInclude Include="..\..\..\include\cp_vdu.h">
      <Filter>include</Filter>
    </ClInclude>
    <ClInclude Include="..\..\..\include\cp_vdu_api.h">
      <Filter>include</Filter>
    </ClInclude>
    <ClInclude Include="..\..\..\include\cp_vdu_pixel.h">
      <Filter>include</Filter>
    </ClInclude>
    <ClInclude Include="..\..\..\include\cp_vdu_rect.h">
      <Filter>include</Filter>
    </ClInclude>
    <ClInclude Include="..\..\..\include\cp_vdu_status.h">
      <Filter>include</Filter>
    </ClInclude>
    <ClInclude Include="..\..\..\include\cp_vdu_type.h">
      <Filter>include</Filter>
    </ClInclude>
    <ClInclude Include="..\..\..\include\cp_vdu_vector_stream_type.h">
      <Filter>include</Filter>
    </ClInclude>
    <ClInclude Include="..\..\..\include\core\vdu_version.h">
      <Filter>include\core</Filter>
    </ClInclude>
  </ItemGroup>
  <ItemGroup>
    <ClCompile Include="..\..\..\src\core\vdu_box.cpp">
      <Filter>src\core</Filter>
    </ClCompile>
    <ClCompile Include="..\..\..\src\core\vdu_canvas.cpp">
      <Filter>src\core</Filter>
    </ClCompile>
    <ClCompile Include="..\..\..\src\core\vdu_panel.cpp">
      <Filter>src\core</Filter>
    </ClCompile>
    <ClCompile Include="..\..\..\src\core\vdu_vm.cpp">
      <Filter>src\core</Filter>
    </ClCompile>
    <ClCompile Include="..\..\..\src\core\base\vdu_coordinate.cpp">
      <Filter>src\core\base</Filter>
    </ClCompile>
    <ClCompile Include="..\..\..\src\core\base\vdu_rect.cpp">
      <Filter>src\core\base</Filter>
    </ClCompile>
    <ClCompile Include="..\..\..\src\core\base\vdu_shape.cpp">
      <Filter>src\core\base</Filter>
    </ClCompile>
    <ClCompile Include="..\..\..\src\core\base\vdu_shape_convert.cpp">
      <Filter>src\core\base</Filter>
    </ClCompile>
    <ClCompile Include="..\..\..\src\core\base\vdu_shape_svg.cpp">
      <Filter>src\core\base</Filter>
    </ClCompile>
    <ClCompile Include="..\..\..\src\core\base\vdu_svg_convert.cpp">
      <Filter>src\core\base</Filter>
    </ClCompile>
    <ClCompile Include="..\..\..\src\qt\vdu_qt_canvas.cpp">
      <Filter>src\qt</Filter>
    </ClCompile>
    <ClCompile Include="..\..\..\src\qt\vdu_qt_panel.cpp">
      <Filter>src\qt</Filter>
    </ClCompile>
    <ClCompile Include="..\..\..\src\core\vdu_panel_manager.cpp">
      <Filter>src\core</Filter>
    </ClCompile>
    <ClCompile Include="..\..\..\src\cp_vdu_api.cpp">
      <Filter>src</Filter>
    </ClCompile>
  </ItemGroup>
</Project>