<?xml version="1.0" encoding="utf-8"?>
<Project ToolsVersion="4.0" xmlns="http://schemas.microsoft.com/developer/msbuild/2003">
  <ItemGroup>
    <Filter Include="include">
      <UniqueIdentifier>{a8dbda9c-7bf1-4b08-81d1-b0cc731a7000}</UniqueIdentifier>
    </Filter>
    <Filter Include="src">
      <UniqueIdentifier>{25b2acaf-f8fe-46a0-a507-1e982b51c921}</UniqueIdentifier>
    </Filter>
    <Filter Include="include\url">
      <UniqueIdentifier>{d0eab55b-45f4-49b6-bf90-ad53a36b72b9}</UniqueIdentifier>
    </Filter>
    <Filter Include="src\url">
      <UniqueIdentifier>{c51415ab-84fd-4a44-9684-48af74129f54}</UniqueIdentifier>
    </Filter>
  </ItemGroup>
  <ItemGroup>
    <ClInclude Include="..\..\..\..\..\include\modules\connect\csf_dgram_connect.hpp">
      <Filter>include</Filter>
    </ClInclude>
    <ClInclude Include="..\..\..\..\..\include\modules\connect\csf_dgram_connect_interface.hpp">
      <Filter>include</Filter>
    </ClInclude>
    <ClInclude Include="..\..\..\..\..\include\modules\connect\csf_ip_connnect_factory.hpp">
      <Filter>include</Filter>
    </ClInclude>
    <ClInclude Include="..\..\..\..\..\include\modules\connect\csf_stream_connect.hpp">
      <Filter>include</Filter>
    </ClInclude>
    <ClInclude Include="..\..\..\..\..\include\modules\connect\csf_stream_connect_interface.hpp">
      <Filter>include</Filter>
    </ClInclude>
    <ClInclude Include="..\..\..\..\..\include\modules\connect\csf_tcp_connect.hpp">
      <Filter>include</Filter>
    </ClInclude>
    <ClInclude Include="..\..\..\..\..\include\modules\connect\csf_udp_connect.hpp">
      <Filter>include</Filter>
    </ClInclude>
    <ClInclude Include="..\..\..\..\..\include\modules\connect\url\csf_ip_url.hpp">
      <Filter>include\url</Filter>
    </ClInclude>
    <ClInclude Include="..\..\..\..\..\include\modules\connect\url\csf_serial_url.hpp">
      <Filter>include\url</Filter>
    </ClInclude>
    <ClInclude Include="..\..\..\..\..\include\modules\connect\csf_ip_connnect.hpp">
      <Filter>include</Filter>
    </ClInclude>
  </ItemGroup>
  <ItemGroup>
    <ClCompile Include="..\..\..\..\..\src\modules\connect\csf_dgram_connect.cpp">
      <Filter>src</Filter>
    </ClCompile>
    <ClCompile Include="..\..\..\..\..\src\modules\connect\csf_ip_connnect_factory.cpp">
      <Filter>src</Filter>
    </ClCompile>
    <ClCompile Include="..\..\..\..\..\src\modules\connect\csf_stream_connect.cpp">
      <Filter>src</Filter>
    </ClCompile>
    <ClCompile Include="..\..\..\..\..\src\modules\connect\csf_tcp_connect.cpp">
      <Filter>src</Filter>
    </ClCompile>
    <ClCompile Include="..\..\..\..\..\src\modules\connect\csf_udp_connect.cpp">
      <Filter>src</Filter>
    </ClCompile>
    <ClCompile Include="..\..\..\..\..\src\modules\connect\url\csf_ip_url.cpp">
      <Filter>src\url</Filter>
    </ClCompile>
    <ClCompile Include="..\..\..\..\..\src\modules\connect\url\csf_serial_url.cpp">
      <Filter>src\url</Filter>
    </ClCompile>
    <ClCompile Include="..\..\..\..\..\src\modules\connect\csf_ip_connnect.cpp">
      <Filter>src</Filter>
    </ClCompile>
  </ItemGroup>
</Project>