<?xml version="1.0" encoding="utf-8"?>
<Project ToolsVersion="4.0" xmlns="http://schemas.microsoft.com/developer/msbuild/2003">
  <ItemGroup>
    <Filter Include="include">
      <UniqueIdentifier>{93995380-89BD-4b04-88EB-625FBE52EBFB}</UniqueIdentifier>
      <Extensions>h;hh;hpp;hxx;hm;inl;inc;xsd</Extensions>
    </Filter>
    <Filter Include="src">
      <UniqueIdentifier>{4FC737F1-C7A5-4376-A066-2A32D752A2FF}</UniqueIdentifier>
      <Extensions>cpp;c;cc;cxx;def;odl;idl;hpj;bat;asm;asmx</Extensions>
    </Filter>
    <Filter Include="include\base">
      <UniqueIdentifier>{e6042aae-d95e-47d7-8b3c-f2dd98e46474}</UniqueIdentifier>
    </Filter>
    <Filter Include="include\media">
      <UniqueIdentifier>{2e5edd19-6035-4fc1-b735-3fa3af177e71}</UniqueIdentifier>
    </Filter>
    <Filter Include="include\request">
      <UniqueIdentifier>{3a692617-ac6d-4c16-ab7f-64c6929c7c37}</UniqueIdentifier>
    </Filter>
    <Filter Include="src\base">
      <UniqueIdentifier>{006c8bd6-b24a-484d-a59c-20b0ce1368c0}</UniqueIdentifier>
    </Filter>
    <Filter Include="src\media">
      <UniqueIdentifier>{842e05b1-1f3c-4569-8d27-1b669f6e1f83}</UniqueIdentifier>
    </Filter>
    <Filter Include="src\request">
      <UniqueIdentifier>{383e3bcc-b137-4ba6-8d04-6201bbc812b5}</UniqueIdentifier>
    </Filter>
  </ItemGroup>
  <ItemGroup>
    <ClInclude Include="..\..\..\include\core\css_app.hpp">
      <Filter>include</Filter>
    </ClInclude>
    <ClInclude Include="..\..\..\include\core\css_device.hpp">
      <Filter>include</Filter>
    </ClInclude>
    <ClInclude Include="..\..\..\include\core\css_device_interface.hpp">
      <Filter>include</Filter>
    </ClInclude>
    <ClInclude Include="..\..\..\include\core\css_device_io.hpp">
      <Filter>include</Filter>
    </ClInclude>
    <ClInclude Include="..\..\..\include\core\css_device_io_interface.hpp">
      <Filter>include</Filter>
    </ClInclude>
    <ClInclude Include="..\..\..\include\core\css_server.hpp">
      <Filter>include</Filter>
    </ClInclude>
    <ClInclude Include="..\..\..\include\core\css_server_interface.hpp">
      <Filter>include</Filter>
    </ClInclude>
    <ClInclude Include="..\..\..\include\core\base\css_exception.hpp">
      <Filter>include\base</Filter>
    </ClInclude>
    <ClInclude Include="..\..\..\include\core\base\css_host.hpp">
      <Filter>include\base</Filter>
    </ClInclude>
    <ClInclude Include="..\..\..\include\core\base\css_id.hpp">
      <Filter>include\base</Filter>
    </ClInclude>
    <ClInclude Include="..\..\..\include\core\base\css_information.hpp">
      <Filter>include\base</Filter>
    </ClInclude>
    <ClInclude Include="..\..\..\include\core\base\css_interface.hpp">
      <Filter>include\base</Filter>
    </ClInclude>
    <ClInclude Include="..\..\..\include\core\base\css_packet_type.hpp">
      <Filter>include\base</Filter>
    </ClInclude>
    <ClInclude Include="..\..\..\include\core\base\css_return.hpp">
      <Filter>include\base</Filter>
    </ClInclude>
    <ClInclude Include="..\..\..\include\core\base\css_serializer.hpp">
      <Filter>include\base</Filter>
    </ClInclude>
    <ClInclude Include="..\..\..\include\core\base\css_serializer_interface.hpp">
      <Filter>include\base</Filter>
    </ClInclude>
    <ClInclude Include="..\..\..\include\core\base\css_update.hpp">
      <Filter>include\base</Filter>
    </ClInclude>
    <ClInclude Include="..\..\..\include\core\base\css_update_operation.hpp">
      <Filter>include\base</Filter>
    </ClInclude>
    <ClInclude Include="..\..\..\include\core\media\css_media_source.hpp">
      <Filter>include\media</Filter>
    </ClInclude>
    <ClInclude Include="..\..\..\include\core\request\css_memh_request.hpp">
      <Filter>include\request</Filter>
    </ClInclude>
    <ClInclude Include="..\..\..\include\core\request\css_request.hpp">
      <Filter>include\request</Filter>
    </ClInclude>
    <ClInclude Include="..\..\..\include\core\request\css_request_manager.hpp">
      <Filter>include\request</Filter>
    </ClInclude>
    <ClInclude Include="..\..\..\include\core\request\css_semh_command.hpp">
      <Filter>include\request</Filter>
    </ClInclude>
    <ClInclude Include="..\..\..\include\core\request\css_semh_request.hpp">
      <Filter>include\request</Filter>
    </ClInclude>
    <ClInclude Include="..\..\..\include\core\request\css_semh_request_function.hpp">
      <Filter>include\request</Filter>
    </ClInclude>
  </ItemGroup>
  <ItemGroup>
    <ClCompile Include="..\..\..\src\core\base\css_exception.cpp">
      <Filter>src\base</Filter>
    </ClCompile>
    <ClCompile Include="..\..\..\src\core\base\css_host.cpp">
      <Filter>src\base</Filter>
    </ClCompile>
    <ClCompile Include="..\..\..\src\core\base\css_id.cpp">
      <Filter>src\base</Filter>
    </ClCompile>
    <ClCompile Include="..\..\..\src\core\base\css_information.cpp">
      <Filter>src\base</Filter>
    </ClCompile>
    <ClCompile Include="..\..\..\src\core\base\css_interface.cpp">
      <Filter>src\base</Filter>
    </ClCompile>
    <ClCompile Include="..\..\..\src\core\base\css_return.cpp">
      <Filter>src\base</Filter>
    </ClCompile>
    <ClCompile Include="..\..\..\src\core\base\css_serializer.cpp">
      <Filter>src\base</Filter>
    </ClCompile>
    <ClCompile Include="..\..\..\src\core\base\css_update.cpp">
      <Filter>src\base</Filter>
    </ClCompile>
    <ClCompile Include="..\..\..\src\core\base\css_update_operation.cpp">
      <Filter>src\base</Filter>
    </ClCompile>
    <ClCompile Include="..\..\..\src\core\media\css_media_source.cpp">
      <Filter>src\media</Filter>
    </ClCompile>
    <ClCompile Include="..\..\..\src\core\request\css_memh_request.cpp">
      <Filter>src\request</Filter>
    </ClCompile>
    <ClCompile Include="..\..\..\src\core\request\css_request.cpp">
      <Filter>src\request</Filter>
    </ClCompile>
    <ClCompile Include="..\..\..\src\core\request\css_request_manager.cpp">
      <Filter>src\request</Filter>
    </ClCompile>
    <ClCompile Include="..\..\..\src\core\request\css_semh_request.cpp">
      <Filter>src\request</Filter>
    </ClCompile>
    <ClCompile Include="..\..\..\src\core\request\css_semh_request_function.cpp">
      <Filter>src\request</Filter>
    </ClCompile>
    <ClCompile Include="..\..\..\src\core\css_app.cpp">
      <Filter>src</Filter>
    </ClCompile>
    <ClCompile Include="..\..\..\src\core\css_device.cpp">
      <Filter>src</Filter>
    </ClCompile>
    <ClCompile Include="..\..\..\src\core\css_device_io.cpp">
      <Filter>src</Filter>
    </ClCompile>
    <ClCompile Include="..\..\..\src\core\css_server.cpp">
      <Filter>src</Filter>
    </ClCompile>
  </ItemGroup>
</Project>